
Microsoft Visual Studio Solution File, Format Version 12.00
# Visual Studio 14
VisualStudioVersion = 14.0.25420.1
MinimumVisualStudioVersion = 10.0.40219.1
Project("{FAE04EC0-301F-11D3-BF4B-00C04F79EFBC}") = "01.ReverseString", "01.ReverseString\01.ReverseString.csproj", "{3A3BDCF5-3CB7-4503-9725-C11EC56B13E4}"
EndProject
Project("{FAE04EC0-301F-11D3-BF4B-00C04F79EFBC}") = "02.CountSubstringOccurrences", "02.CountSubstringOccurrences\02.CountSubstringOccurrences.csproj", "{D7592F85-BF35-40A1-96FC-12DA3EEAE7F6}"
EndProject
Project("{FAE04EC0-301F-11D3-BF4B-00C04F79EFBC}") = "03.TextFilter", "03.TextFilter\03.TextFilter.csproj", "{B84805D0-8E07-47BC-86BD-693717B3182D}"
EndProject
Project("{FAE04EC0-301F-11D3-BF4B-00C04F79EFBC}") = "04.Palindromes", "04.Palindromes\04.Palindromes.csproj", "{2EDB8323-B1EE-4CC7-88DE-1DB6F54F3335}"
EndProject
Project("{FAE04EC0-301F-11D3-BF4B-00C04F79EFBC}") = "07.ReplaceTags", "07.ReplaceTags\07.ReplaceTags.csproj", "{940A8280-6556-4365-AD04-BB4E5C919D3C}"
EndProject
Project("{FAE04EC0-301F-11D3-BF4B-00C04F79EFBC}") = "05.MatchFullName", "05.MatchFullName\05.MatchFullName.csproj", "{3E393B54-AA67-4020-9A97-0C8360EA0F02}"
EndProject
Project("{FAE04EC0-301F-11D3-BF4B-00C04F79EFBC}") = "06.MatchPhoneNumer", "06.MatchPhoneNumer\06.MatchPhoneNumer.csproj", "{25872983-248A-4393-BA2B-513AFF12DB3B}"
EndProject
Global
	GlobalSection(SolutionConfigurationPlatforms) = preSolution
		Debug|Any CPU = Debug|Any CPU
		Release|Any CPU = Release|Any CPU
	EndGlobalSection
	GlobalSection(ProjectConfigurationPlatforms) = postSolution
		{3A3BDCF5-3CB7-4503-9725-C11EC56B13E4}.Debug|Any CPU.ActiveCfg = Debug|Any CPU
		{3A3BDCF5-3CB7-4503-9725-C11EC56B13E4}.Debug|Any CPU.Build.0 = Debug|Any CPU
		{3A3BDCF5-3CB7-4503-9725-C11EC56B13E4}.Release|Any CPU.ActiveCfg = Release|Any CPU
		{3A3BDCF5-3CB7-4503-9725-C11EC56B13E4}.Release|Any CPU.Build.0 = Release|Any CPU
		{D7592F85-BF35-40A1-96FC-12DA3EEAE7F6}.Debug|Any CPU.ActiveCfg = Debug|Any CPU
		{D7592F85-BF35-40A1-96FC-12DA3EEAE7F6}.Debug|Any CPU.Build.0 = Debug|Any CPU
		{D7592F85-BF35-40A1-96FC-12DA3EEAE7F6}.Release|Any CPU.ActiveCfg = Release|Any CPU
		{D7592F85-BF35-40A1-96FC-12DA3EEAE7F6}.Release|Any CPU.Build.0 = Release|Any CPU
		{B84805D0-8E07-47BC-86BD-693717B3182D}.Debug|Any CPU.ActiveCfg = Debug|Any CPU
		{B84805D0-8E07-47BC-86BD-693717B3182D}.Debug|Any CPU.Build.0 = Debug|Any CPU
		{B84805D0-8E07-47BC-86BD-693717B3182D}.Release|Any CPU.ActiveCfg = Release|Any CPU
		{B84805D0-8E07-47BC-86BD-693717B3182D}.Release|Any CPU.Build.0 = Release|Any CPU
		{2EDB8323-B1EE-4CC7-88DE-1DB6F54F3335}.Debug|Any CPU.ActiveCfg = Debug|Any CPU
		{2EDB8323-B1EE-4CC7-88DE-1DB6F54F3335}.Debug|Any CPU.Build.0 = Debug|Any CPU
		{2EDB8323-B1EE-4CC7-88DE-1DB6F54F3335}.Release|Any CPU.ActiveCfg = Release|Any CPU
		{2EDB8323-B1EE-4CC7-88DE-1DB6F54F3335}.Release|Any CPU.Build.0 = Release|Any CPU
		{940A8280-6556-4365-AD04-BB4E5C919D3C}.Debug|Any CPU.ActiveCfg = Debug|Any CPU
		{940A8280-6556-4365-AD04-BB4E5C919D3C}.Debug|Any CPU.Build.0 = Debug|Any CPU
		{940A8280-6556-4365-AD04-BB4E5C919D3C}.Release|Any CPU.ActiveCfg = Release|Any CPU
		{940A8280-6556-4365-AD04-BB4E5C919D3C}.Release|Any CPU.Build.0 = Release|Any CPU
		{3E393B54-AA67-4020-9A97-0C8360EA0F02}.Debug|Any CPU.ActiveCfg = Debug|Any CPU
		{3E393B54-AA67-4020-9A97-0C8360EA0F02}.Debug|Any CPU.Build.0 = Debug|Any CPU
		{3E393B54-AA67-4020-9A97-0C8360EA0F02}.Release|Any CPU.ActiveCfg = Release|Any CPU
		{3E393B54-AA67-4020-9A97-0C8360EA0F02}.Release|Any CPU.Build.0 = Release|Any CPU
		{25872983-248A-4393-BA2B-513AFF12DB3B}.Debug|Any CPU.ActiveCfg = Debug|Any CPU
		{25872983-248A-4393-BA2B-513AFF12DB3B}.Debug|Any CPU.Build.0 = Debug|Any CPU
		{25872983-248A-4393-BA2B-513AFF12DB3B}.Release|Any CPU.ActiveCfg = Release|Any CPU
		{25872983-248A-4393-BA2B-513AFF12DB3B}.Release|Any CPU.Build.0 = Release|Any CPU
	EndGlobalSection
	GlobalSection(SolutionProperties) = preSolution
		HideSolutionNode = FALSE
	EndGlobalSection
EndGlobal
