
Microsoft Visual Studio Solution File, Format Version 12.00
# Visual Studio 2012
Project("{FAE04EC0-301F-11D3-BF4B-00C04F79EFBC}") = "01.BlankReceipt", "01.BlankReceipt\01.BlankReceipt.csproj", "{9FD1B3E1-D28B-4611-B0AC-8A3AF8DBC143}"
EndProject
Project("{FAE04EC0-301F-11D3-BF4B-00C04F79EFBC}") = "02.SignOfIntegerNumber", "02.SignOfIntegerNumber\02.SignOfIntegerNumber.csproj", "{BF861E45-CD6C-44D9-8AC1-3321494316A8}"
EndProject
Project("{FAE04EC0-301F-11D3-BF4B-00C04F79EFBC}") = "03.PrintingTriangle", "03.PrintingTriangle\03.PrintingTriangle.csproj", "{74DB3CC2-6D1C-4DF4-9463-795A37BD21ED}"
EndProject
Project("{FAE04EC0-301F-11D3-BF4B-00C04F79EFBC}") = "04.DrawFilledSquare", "04.DrawFilledSquare\04.DrawFilledSquare.csproj", "{9FE64B24-69BC-4F91-8027-55A91048995F}"
EndProject
Project("{FAE04EC0-301F-11D3-BF4B-00C04F79EFBC}") = "05.CalculateTriangleArea", "05.CalculateTriangleArea\05.CalculateTriangleArea.csproj", "{AA712679-FFE7-4430-B1AB-E50EAB93CD55}"
EndProject
Project("{FAE04EC0-301F-11D3-BF4B-00C04F79EFBC}") = "06.MathPower", "06.MathPower\06.MathPower.csproj", "{1FCA355B-3305-4927-B6C7-1A55016DC89D}"
EndProject
Project("{FAE04EC0-301F-11D3-BF4B-00C04F79EFBC}") = "07.GreaterOfTwoValues", "07.GreaterOfTwoValues\07.GreaterOfTwoValues.csproj", "{FAF40C7C-0ED8-4552-B15E-E049905584D9}"
EndProject
Project("{FAE04EC0-301F-11D3-BF4B-00C04F79EFBC}") = "08.MultiplyEvensByOdds", "08.MultiplyEvensByOdds\08.MultiplyEvensByOdds.csproj", "{EE5CC8F5-1D53-4E2A-AFEC-28CBE60BA0DC}"
EndProject
Project("{FAE04EC0-301F-11D3-BF4B-00C04F79EFBC}") = "09.HolidaysBetweenTwoDates", "09.HolidaysBetweenTwoDates\09.HolidaysBetweenTwoDates.csproj", "{8EC4EBD9-267D-4E49-AAAE-314AC73F1BB2}"
EndProject
Project("{FAE04EC0-301F-11D3-BF4B-00C04F79EFBC}") = "10.PriceChangeAlert", "10.PriceChangeAlert\10.PriceChangeAlert.csproj", "{4937AD07-8E7D-4D85-8843-85C482DB7C86}"
EndProject
Global
	GlobalSection(SolutionConfigurationPlatforms) = preSolution
		Debug|Any CPU = Debug|Any CPU
		Release|Any CPU = Release|Any CPU
	EndGlobalSection
	GlobalSection(ProjectConfigurationPlatforms) = postSolution
		{9FD1B3E1-D28B-4611-B0AC-8A3AF8DBC143}.Debug|Any CPU.ActiveCfg = Debug|Any CPU
		{9FD1B3E1-D28B-4611-B0AC-8A3AF8DBC143}.Debug|Any CPU.Build.0 = Debug|Any CPU
		{9FD1B3E1-D28B-4611-B0AC-8A3AF8DBC143}.Release|Any CPU.ActiveCfg = Release|Any CPU
		{9FD1B3E1-D28B-4611-B0AC-8A3AF8DBC143}.Release|Any CPU.Build.0 = Release|Any CPU
		{BF861E45-CD6C-44D9-8AC1-3321494316A8}.Debug|Any CPU.ActiveCfg = Debug|Any CPU
		{BF861E45-CD6C-44D9-8AC1-3321494316A8}.Debug|Any CPU.Build.0 = Debug|Any CPU
		{BF861E45-CD6C-44D9-8AC1-3321494316A8}.Release|Any CPU.ActiveCfg = Release|Any CPU
		{BF861E45-CD6C-44D9-8AC1-3321494316A8}.Release|Any CPU.Build.0 = Release|Any CPU
		{74DB3CC2-6D1C-4DF4-9463-795A37BD21ED}.Debug|Any CPU.ActiveCfg = Debug|Any CPU
		{74DB3CC2-6D1C-4DF4-9463-795A37BD21ED}.Debug|Any CPU.Build.0 = Debug|Any CPU
		{74DB3CC2-6D1C-4DF4-9463-795A37BD21ED}.Release|Any CPU.ActiveCfg = Release|Any CPU
		{74DB3CC2-6D1C-4DF4-9463-795A37BD21ED}.Release|Any CPU.Build.0 = Release|Any CPU
		{9FE64B24-69BC-4F91-8027-55A91048995F}.Debug|Any CPU.ActiveCfg = Debug|Any CPU
		{9FE64B24-69BC-4F91-8027-55A91048995F}.Debug|Any CPU.Build.0 = Debug|Any CPU
		{9FE64B24-69BC-4F91-8027-55A91048995F}.Release|Any CPU.ActiveCfg = Release|Any CPU
		{9FE64B24-69BC-4F91-8027-55A91048995F}.Release|Any CPU.Build.0 = Release|Any CPU
		{AA712679-FFE7-4430-B1AB-E50EAB93CD55}.Debug|Any CPU.ActiveCfg = Debug|Any CPU
		{AA712679-FFE7-4430-B1AB-E50EAB93CD55}.Debug|Any CPU.Build.0 = Debug|Any CPU
		{AA712679-FFE7-4430-B1AB-E50EAB93CD55}.Release|Any CPU.ActiveCfg = Release|Any CPU
		{AA712679-FFE7-4430-B1AB-E50EAB93CD55}.Release|Any CPU.Build.0 = Release|Any CPU
		{1FCA355B-3305-4927-B6C7-1A55016DC89D}.Debug|Any CPU.ActiveCfg = Debug|Any CPU
		{1FCA355B-3305-4927-B6C7-1A55016DC89D}.Debug|Any CPU.Build.0 = Debug|Any CPU
		{1FCA355B-3305-4927-B6C7-1A55016DC89D}.Release|Any CPU.ActiveCfg = Release|Any CPU
		{1FCA355B-3305-4927-B6C7-1A55016DC89D}.Release|Any CPU.Build.0 = Release|Any CPU
		{FAF40C7C-0ED8-4552-B15E-E049905584D9}.Debug|Any CPU.ActiveCfg = Debug|Any CPU
		{FAF40C7C-0ED8-4552-B15E-E049905584D9}.Debug|Any CPU.Build.0 = Debug|Any CPU
		{FAF40C7C-0ED8-4552-B15E-E049905584D9}.Release|Any CPU.ActiveCfg = Release|Any CPU
		{FAF40C7C-0ED8-4552-B15E-E049905584D9}.Release|Any CPU.Build.0 = Release|Any CPU
		{EE5CC8F5-1D53-4E2A-AFEC-28CBE60BA0DC}.Debug|Any CPU.ActiveCfg = Debug|Any CPU
		{EE5CC8F5-1D53-4E2A-AFEC-28CBE60BA0DC}.Debug|Any CPU.Build.0 = Debug|Any CPU
		{EE5CC8F5-1D53-4E2A-AFEC-28CBE60BA0DC}.Release|Any CPU.ActiveCfg = Release|Any CPU
		{EE5CC8F5-1D53-4E2A-AFEC-28CBE60BA0DC}.Release|Any CPU.Build.0 = Release|Any CPU
		{8EC4EBD9-267D-4E49-AAAE-314AC73F1BB2}.Debug|Any CPU.ActiveCfg = Debug|Any CPU
		{8EC4EBD9-267D-4E49-AAAE-314AC73F1BB2}.Debug|Any CPU.Build.0 = Debug|Any CPU
		{8EC4EBD9-267D-4E49-AAAE-314AC73F1BB2}.Release|Any CPU.ActiveCfg = Release|Any CPU
		{8EC4EBD9-267D-4E49-AAAE-314AC73F1BB2}.Release|Any CPU.Build.0 = Release|Any CPU
		{4937AD07-8E7D-4D85-8843-85C482DB7C86}.Debug|Any CPU.ActiveCfg = Debug|Any CPU
		{4937AD07-8E7D-4D85-8843-85C482DB7C86}.Debug|Any CPU.Build.0 = Debug|Any CPU
		{4937AD07-8E7D-4D85-8843-85C482DB7C86}.Release|Any CPU.ActiveCfg = Release|Any CPU
		{4937AD07-8E7D-4D85-8843-85C482DB7C86}.Release|Any CPU.Build.0 = Release|Any CPU
	EndGlobalSection
	GlobalSection(SolutionProperties) = preSolution
		HideSolutionNode = FALSE
	EndGlobalSection
EndGlobal
