
Microsoft Visual Studio Solution File, Format Version 12.00
# Visual Studio 2012
Project("{FAE04EC0-301F-11D3-BF4B-00C04F79EFBC}") = "01.CenturiesToMinutes", "01.CenturiesToMinutes\01.CenturiesToMinutes.csproj", "{FD0220A2-270B-4B21-A8E6-166DEDEF1123}"
EndProject
Project("{FAE04EC0-301F-11D3-BF4B-00C04F79EFBC}") = "02.CircleArea", "02.CircleArea\02.CircleArea.csproj", "{67F8BD33-47E3-4063-B2D5-75D112182715}"
EndProject
Project("{FAE04EC0-301F-11D3-BF4B-00C04F79EFBC}") = "03.ExactSumOfRealNumbers", "03.ExactSumOfRealNumbers\03.ExactSumOfRealNumbers.csproj", "{90A07673-891F-4E42-A98B-208AB27B5FCB}"
EndProject
Project("{FAE04EC0-301F-11D3-BF4B-00C04F79EFBC}") = "04.Elevator", "04.Elevator\04.Elevator.csproj", "{4005E3ED-8C2D-4BF3-BE8C-29446B020C77}"
EndProject
Project("{FAE04EC0-301F-11D3-BF4B-00C04F79EFBC}") = "05.SpecialNumbers", "05.SpecialNumbers\05.SpecialNumbers.csproj", "{F508F2F2-52EF-434F-9655-82157B139BB8}"
EndProject
Project("{FAE04EC0-301F-11D3-BF4B-00C04F79EFBC}") = "06.TriplesOfLetters", "06.TriplesOfLetters\06.TriplesOfLetters.csproj", "{F2E3F95E-A6D5-46EB-AF11-F795A864A631}"
EndProject
Project("{FAE04EC0-301F-11D3-BF4B-00C04F79EFBC}") = "07.Greeting", "07.Greeting\07.Greeting.csproj", "{AE04CEB3-8D25-4F2E-AA93-0F4B4AC6DC0B}"
EndProject
Project("{FAE04EC0-301F-11D3-BF4B-00C04F79EFBC}") = "08.RefactorVolumeOfPiramid", "08.RefactorVolumeOfPiramid\08.RefactorVolumeOfPiramid.csproj", "{D8F495A3-28BE-4B96-93ED-C3AF52A4BB0D}"
EndProject
Project("{FAE04EC0-301F-11D3-BF4B-00C04F79EFBC}") = "09.RefactorSpecialNumbers", "09.RefactorSpecialNumbers\09.RefactorSpecialNumbers.csproj", "{EC1462BC-0D8F-4005-92E2-50011BF541BE}"
EndProject
Global
	GlobalSection(SolutionConfigurationPlatforms) = preSolution
		Debug|Any CPU = Debug|Any CPU
		Release|Any CPU = Release|Any CPU
	EndGlobalSection
	GlobalSection(ProjectConfigurationPlatforms) = postSolution
		{FD0220A2-270B-4B21-A8E6-166DEDEF1123}.Debug|Any CPU.ActiveCfg = Debug|Any CPU
		{FD0220A2-270B-4B21-A8E6-166DEDEF1123}.Debug|Any CPU.Build.0 = Debug|Any CPU
		{FD0220A2-270B-4B21-A8E6-166DEDEF1123}.Release|Any CPU.ActiveCfg = Release|Any CPU
		{FD0220A2-270B-4B21-A8E6-166DEDEF1123}.Release|Any CPU.Build.0 = Release|Any CPU
		{67F8BD33-47E3-4063-B2D5-75D112182715}.Debug|Any CPU.ActiveCfg = Debug|Any CPU
		{67F8BD33-47E3-4063-B2D5-75D112182715}.Debug|Any CPU.Build.0 = Debug|Any CPU
		{67F8BD33-47E3-4063-B2D5-75D112182715}.Release|Any CPU.ActiveCfg = Release|Any CPU
		{67F8BD33-47E3-4063-B2D5-75D112182715}.Release|Any CPU.Build.0 = Release|Any CPU
		{90A07673-891F-4E42-A98B-208AB27B5FCB}.Debug|Any CPU.ActiveCfg = Debug|Any CPU
		{90A07673-891F-4E42-A98B-208AB27B5FCB}.Debug|Any CPU.Build.0 = Debug|Any CPU
		{90A07673-891F-4E42-A98B-208AB27B5FCB}.Release|Any CPU.ActiveCfg = Release|Any CPU
		{90A07673-891F-4E42-A98B-208AB27B5FCB}.Release|Any CPU.Build.0 = Release|Any CPU
		{4005E3ED-8C2D-4BF3-BE8C-29446B020C77}.Debug|Any CPU.ActiveCfg = Debug|Any CPU
		{4005E3ED-8C2D-4BF3-BE8C-29446B020C77}.Debug|Any CPU.Build.0 = Debug|Any CPU
		{4005E3ED-8C2D-4BF3-BE8C-29446B020C77}.Release|Any CPU.ActiveCfg = Release|Any CPU
		{4005E3ED-8C2D-4BF3-BE8C-29446B020C77}.Release|Any CPU.Build.0 = Release|Any CPU
		{F508F2F2-52EF-434F-9655-82157B139BB8}.Debug|Any CPU.ActiveCfg = Debug|Any CPU
		{F508F2F2-52EF-434F-9655-82157B139BB8}.Debug|Any CPU.Build.0 = Debug|Any CPU
		{F508F2F2-52EF-434F-9655-82157B139BB8}.Release|Any CPU.ActiveCfg = Release|Any CPU
		{F508F2F2-52EF-434F-9655-82157B139BB8}.Release|Any CPU.Build.0 = Release|Any CPU
		{F2E3F95E-A6D5-46EB-AF11-F795A864A631}.Debug|Any CPU.ActiveCfg = Debug|Any CPU
		{F2E3F95E-A6D5-46EB-AF11-F795A864A631}.Debug|Any CPU.Build.0 = Debug|Any CPU
		{F2E3F95E-A6D5-46EB-AF11-F795A864A631}.Release|Any CPU.ActiveCfg = Release|Any CPU
		{F2E3F95E-A6D5-46EB-AF11-F795A864A631}.Release|Any CPU.Build.0 = Release|Any CPU
		{AE04CEB3-8D25-4F2E-AA93-0F4B4AC6DC0B}.Debug|Any CPU.ActiveCfg = Debug|Any CPU
		{AE04CEB3-8D25-4F2E-AA93-0F4B4AC6DC0B}.Debug|Any CPU.Build.0 = Debug|Any CPU
		{AE04CEB3-8D25-4F2E-AA93-0F4B4AC6DC0B}.Release|Any CPU.ActiveCfg = Release|Any CPU
		{AE04CEB3-8D25-4F2E-AA93-0F4B4AC6DC0B}.Release|Any CPU.Build.0 = Release|Any CPU
		{D8F495A3-28BE-4B96-93ED-C3AF52A4BB0D}.Debug|Any CPU.ActiveCfg = Debug|Any CPU
		{D8F495A3-28BE-4B96-93ED-C3AF52A4BB0D}.Debug|Any CPU.Build.0 = Debug|Any CPU
		{D8F495A3-28BE-4B96-93ED-C3AF52A4BB0D}.Release|Any CPU.ActiveCfg = Release|Any CPU
		{D8F495A3-28BE-4B96-93ED-C3AF52A4BB0D}.Release|Any CPU.Build.0 = Release|Any CPU
		{EC1462BC-0D8F-4005-92E2-50011BF541BE}.Debug|Any CPU.ActiveCfg = Debug|Any CPU
		{EC1462BC-0D8F-4005-92E2-50011BF541BE}.Debug|Any CPU.Build.0 = Debug|Any CPU
		{EC1462BC-0D8F-4005-92E2-50011BF541BE}.Release|Any CPU.ActiveCfg = Release|Any CPU
		{EC1462BC-0D8F-4005-92E2-50011BF541BE}.Release|Any CPU.Build.0 = Release|Any CPU
	EndGlobalSection
	GlobalSection(SolutionProperties) = preSolution
		HideSolutionNode = FALSE
	EndGlobalSection
EndGlobal
