
Microsoft Visual Studio Solution File, Format Version 12.00
# Visual Studio 15
VisualStudioVersion = 15.0.26430.14
MinimumVisualStudioVersion = 10.0.40219.1
Project("{FAE04EC0-301F-11D3-BF4B-00C04F79EFBC}") = "01.Pokemon", "01.Pokemon\01.Pokemon.csproj", "{9C29AA78-D517-429F-9B14-62E13639E4BD}"
EndProject
Project("{FAE04EC0-301F-11D3-BF4B-00C04F79EFBC}") = "02.PokemonDontGo", "02.PokemonDontGo\02.PokemonDontGo.csproj", "{35926AB2-2148-4FC5-9EBB-165D520C67EA}"
EndProject
Project("{FAE04EC0-301F-11D3-BF4B-00C04F79EFBC}") = "03.Regexmon", "03.Regexmon\03.Regexmon.csproj", "{6373BABE-5CDE-4139-B225-858A77724785}"
EndProject
Project("{FAE04EC0-301F-11D3-BF4B-00C04F79EFBC}") = "04.PokemonEvolution", "04.PokemonEvolution\04.PokemonEvolution.csproj", "{11DF816C-FDFF-49EA-8282-F1D72B122E35}"
EndProject
Global
	GlobalSection(SolutionConfigurationPlatforms) = preSolution
		Debug|Any CPU = Debug|Any CPU
		Release|Any CPU = Release|Any CPU
	EndGlobalSection
	GlobalSection(ProjectConfigurationPlatforms) = postSolution
		{9C29AA78-D517-429F-9B14-62E13639E4BD}.Debug|Any CPU.ActiveCfg = Debug|Any CPU
		{9C29AA78-D517-429F-9B14-62E13639E4BD}.Debug|Any CPU.Build.0 = Debug|Any CPU
		{9C29AA78-D517-429F-9B14-62E13639E4BD}.Release|Any CPU.ActiveCfg = Release|Any CPU
		{9C29AA78-D517-429F-9B14-62E13639E4BD}.Release|Any CPU.Build.0 = Release|Any CPU
		{35926AB2-2148-4FC5-9EBB-165D520C67EA}.Debug|Any CPU.ActiveCfg = Debug|Any CPU
		{35926AB2-2148-4FC5-9EBB-165D520C67EA}.Debug|Any CPU.Build.0 = Debug|Any CPU
		{35926AB2-2148-4FC5-9EBB-165D520C67EA}.Release|Any CPU.ActiveCfg = Release|Any CPU
		{35926AB2-2148-4FC5-9EBB-165D520C67EA}.Release|Any CPU.Build.0 = Release|Any CPU
		{6373BABE-5CDE-4139-B225-858A77724785}.Debug|Any CPU.ActiveCfg = Debug|Any CPU
		{6373BABE-5CDE-4139-B225-858A77724785}.Debug|Any CPU.Build.0 = Debug|Any CPU
		{6373BABE-5CDE-4139-B225-858A77724785}.Release|Any CPU.ActiveCfg = Release|Any CPU
		{6373BABE-5CDE-4139-B225-858A77724785}.Release|Any CPU.Build.0 = Release|Any CPU
		{11DF816C-FDFF-49EA-8282-F1D72B122E35}.Debug|Any CPU.ActiveCfg = Debug|Any CPU
		{11DF816C-FDFF-49EA-8282-F1D72B122E35}.Debug|Any CPU.Build.0 = Debug|Any CPU
		{11DF816C-FDFF-49EA-8282-F1D72B122E35}.Release|Any CPU.ActiveCfg = Release|Any CPU
		{11DF816C-FDFF-49EA-8282-F1D72B122E35}.Release|Any CPU.Build.0 = Release|Any CPU
	EndGlobalSection
	GlobalSection(SolutionProperties) = preSolution
		HideSolutionNode = FALSE
	EndGlobalSection
EndGlobal
