
Microsoft Visual Studio Solution File, Format Version 12.00
# Visual Studio 2012
Project("{FAE04EC0-301F-11D3-BF4B-00C04F79EFBC}") = "01.CountWorkingDays", "01.CountWorkingDays\01.CountWorkingDays.csproj", "{F33B435F-BD5B-4C12-8EA9-987B1934B82B}"
EndProject
Project("{FAE04EC0-301F-11D3-BF4B-00C04F79EFBC}") = "02.AdvertisementMessage", "02.AdvertisementMessage\02.AdvertisementMessage.csproj", "{086BCC3C-E596-4CD4-B04C-11EF82D59538}"
EndProject
Project("{FAE04EC0-301F-11D3-BF4B-00C04F79EFBC}") = "03.CirclesIntersection", "03.CirclesIntersection\03.CirclesIntersection.csproj", "{71D853D9-DFD9-411F-8351-09F58827DB3F}"
EndProject
Project("{FAE04EC0-301F-11D3-BF4B-00C04F79EFBC}") = "04.AverageGrades", "04.AverageGrades\04.AverageGrades.csproj", "{C913E96F-90F6-48AA-AC24-CB6859E6DFB0}"
EndProject
Project("{FAE04EC0-301F-11D3-BF4B-00C04F79EFBC}") = "05.BookLibrary", "05.BookLibrary\05.BookLibrary.csproj", "{1DCF377C-D75B-462A-B5FE-DD62F6C7F8D5}"
EndProject
Project("{FAE04EC0-301F-11D3-BF4B-00C04F79EFBC}") = "06.BookLibraryModification", "06.BookLibraryModification\06.BookLibraryModification.csproj", "{E74C2A98-555E-4CE1-9D4E-9DEB315EA465}"
EndProject
Project("{FAE04EC0-301F-11D3-BF4B-00C04F79EFBC}") = "10.StudentGroup", "10.StudentGroup\10.StudentGroup.csproj", "{F1F50C83-EFF0-47BD-9C89-6366AF5FBBDE}"
EndProject
Project("{FAE04EC0-301F-11D3-BF4B-00C04F79EFBC}") = "07.AndreyAndBilliard", "07.AndreyAndBilliard\07.AndreyAndBilliard.csproj", "{C5E07A0A-60AF-4A57-B194-815CC184B9CE}"
EndProject
Project("{FAE04EC0-301F-11D3-BF4B-00C04F79EFBC}") = "08.MentorGroup", "08.MentorGroup\08.MentorGroup.csproj", "{796D0180-B251-4C30-A913-CE9A4A4D2DDD}"
EndProject
Project("{FAE04EC0-301F-11D3-BF4B-00C04F79EFBC}") = "09.TeamworkProjects", "09.TeamworkProjects\09.TeamworkProjects.csproj", "{6061ED76-D89D-4D2E-8E7A-7EC481421BA2}"
EndProject
Project("{FAE04EC0-301F-11D3-BF4B-00C04F79EFBC}") = "09.TeamworkProjectsList", "09.TeamworkProjectsList\09.TeamworkProjectsList.csproj", "{EDEFE7D3-52D5-4012-AE2A-3C597F1557BF}"
EndProject
Global
	GlobalSection(SolutionConfigurationPlatforms) = preSolution
		Debug|Any CPU = Debug|Any CPU
		Release|Any CPU = Release|Any CPU
	EndGlobalSection
	GlobalSection(ProjectConfigurationPlatforms) = postSolution
		{F33B435F-BD5B-4C12-8EA9-987B1934B82B}.Debug|Any CPU.ActiveCfg = Debug|Any CPU
		{F33B435F-BD5B-4C12-8EA9-987B1934B82B}.Debug|Any CPU.Build.0 = Debug|Any CPU
		{F33B435F-BD5B-4C12-8EA9-987B1934B82B}.Release|Any CPU.ActiveCfg = Release|Any CPU
		{F33B435F-BD5B-4C12-8EA9-987B1934B82B}.Release|Any CPU.Build.0 = Release|Any CPU
		{086BCC3C-E596-4CD4-B04C-11EF82D59538}.Debug|Any CPU.ActiveCfg = Debug|Any CPU
		{086BCC3C-E596-4CD4-B04C-11EF82D59538}.Debug|Any CPU.Build.0 = Debug|Any CPU
		{086BCC3C-E596-4CD4-B04C-11EF82D59538}.Release|Any CPU.ActiveCfg = Release|Any CPU
		{086BCC3C-E596-4CD4-B04C-11EF82D59538}.Release|Any CPU.Build.0 = Release|Any CPU
		{71D853D9-DFD9-411F-8351-09F58827DB3F}.Debug|Any CPU.ActiveCfg = Debug|Any CPU
		{71D853D9-DFD9-411F-8351-09F58827DB3F}.Debug|Any CPU.Build.0 = Debug|Any CPU
		{71D853D9-DFD9-411F-8351-09F58827DB3F}.Release|Any CPU.ActiveCfg = Release|Any CPU
		{71D853D9-DFD9-411F-8351-09F58827DB3F}.Release|Any CPU.Build.0 = Release|Any CPU
		{C913E96F-90F6-48AA-AC24-CB6859E6DFB0}.Debug|Any CPU.ActiveCfg = Debug|Any CPU
		{C913E96F-90F6-48AA-AC24-CB6859E6DFB0}.Debug|Any CPU.Build.0 = Debug|Any CPU
		{C913E96F-90F6-48AA-AC24-CB6859E6DFB0}.Release|Any CPU.ActiveCfg = Release|Any CPU
		{C913E96F-90F6-48AA-AC24-CB6859E6DFB0}.Release|Any CPU.Build.0 = Release|Any CPU
		{1DCF377C-D75B-462A-B5FE-DD62F6C7F8D5}.Debug|Any CPU.ActiveCfg = Debug|Any CPU
		{1DCF377C-D75B-462A-B5FE-DD62F6C7F8D5}.Debug|Any CPU.Build.0 = Debug|Any CPU
		{1DCF377C-D75B-462A-B5FE-DD62F6C7F8D5}.Release|Any CPU.ActiveCfg = Release|Any CPU
		{1DCF377C-D75B-462A-B5FE-DD62F6C7F8D5}.Release|Any CPU.Build.0 = Release|Any CPU
		{E74C2A98-555E-4CE1-9D4E-9DEB315EA465}.Debug|Any CPU.ActiveCfg = Debug|Any CPU
		{E74C2A98-555E-4CE1-9D4E-9DEB315EA465}.Debug|Any CPU.Build.0 = Debug|Any CPU
		{E74C2A98-555E-4CE1-9D4E-9DEB315EA465}.Release|Any CPU.ActiveCfg = Release|Any CPU
		{E74C2A98-555E-4CE1-9D4E-9DEB315EA465}.Release|Any CPU.Build.0 = Release|Any CPU
		{F1F50C83-EFF0-47BD-9C89-6366AF5FBBDE}.Debug|Any CPU.ActiveCfg = Debug|Any CPU
		{F1F50C83-EFF0-47BD-9C89-6366AF5FBBDE}.Debug|Any CPU.Build.0 = Debug|Any CPU
		{F1F50C83-EFF0-47BD-9C89-6366AF5FBBDE}.Release|Any CPU.ActiveCfg = Release|Any CPU
		{F1F50C83-EFF0-47BD-9C89-6366AF5FBBDE}.Release|Any CPU.Build.0 = Release|Any CPU
		{C5E07A0A-60AF-4A57-B194-815CC184B9CE}.Debug|Any CPU.ActiveCfg = Debug|Any CPU
		{C5E07A0A-60AF-4A57-B194-815CC184B9CE}.Debug|Any CPU.Build.0 = Debug|Any CPU
		{C5E07A0A-60AF-4A57-B194-815CC184B9CE}.Release|Any CPU.ActiveCfg = Release|Any CPU
		{C5E07A0A-60AF-4A57-B194-815CC184B9CE}.Release|Any CPU.Build.0 = Release|Any CPU
		{796D0180-B251-4C30-A913-CE9A4A4D2DDD}.Debug|Any CPU.ActiveCfg = Debug|Any CPU
		{796D0180-B251-4C30-A913-CE9A4A4D2DDD}.Debug|Any CPU.Build.0 = Debug|Any CPU
		{796D0180-B251-4C30-A913-CE9A4A4D2DDD}.Release|Any CPU.ActiveCfg = Release|Any CPU
		{796D0180-B251-4C30-A913-CE9A4A4D2DDD}.Release|Any CPU.Build.0 = Release|Any CPU
		{6061ED76-D89D-4D2E-8E7A-7EC481421BA2}.Debug|Any CPU.ActiveCfg = Debug|Any CPU
		{6061ED76-D89D-4D2E-8E7A-7EC481421BA2}.Debug|Any CPU.Build.0 = Debug|Any CPU
		{6061ED76-D89D-4D2E-8E7A-7EC481421BA2}.Release|Any CPU.ActiveCfg = Release|Any CPU
		{6061ED76-D89D-4D2E-8E7A-7EC481421BA2}.Release|Any CPU.Build.0 = Release|Any CPU
		{EDEFE7D3-52D5-4012-AE2A-3C597F1557BF}.Debug|Any CPU.ActiveCfg = Debug|Any CPU
		{EDEFE7D3-52D5-4012-AE2A-3C597F1557BF}.Debug|Any CPU.Build.0 = Debug|Any CPU
		{EDEFE7D3-52D5-4012-AE2A-3C597F1557BF}.Release|Any CPU.ActiveCfg = Release|Any CPU
		{EDEFE7D3-52D5-4012-AE2A-3C597F1557BF}.Release|Any CPU.Build.0 = Release|Any CPU
	EndGlobalSection
	GlobalSection(SolutionProperties) = preSolution
		HideSolutionNode = FALSE
	EndGlobalSection
EndGlobal
