
Microsoft Visual Studio Solution File, Format Version 12.00
# Visual Studio 2012
Project("{FAE04EC0-301F-11D3-BF4B-00C04F79EFBC}") = "01.LargestCommonEnd", "01.LargestCommonEnd\01.LargestCommonEnd.csproj", "{7F53B8B2-6C2E-49C5-89D8-07DEE8832D41}"
EndProject
Project("{FAE04EC0-301F-11D3-BF4B-00C04F79EFBC}") = "02.RotateAndSum", "02.RotateAndSum\02.RotateAndSum.csproj", "{998E59BE-8336-4C30-96EF-83D0971952B6}"
EndProject
Project("{FAE04EC0-301F-11D3-BF4B-00C04F79EFBC}") = "03.FoldAndSum", "03.FoldAndSum\03.FoldAndSum.csproj", "{135AF960-2669-4506-8F39-D9C387425DEA}"
EndProject
Project("{FAE04EC0-301F-11D3-BF4B-00C04F79EFBC}") = "04.SieveOfEratosthenes", "04.SieveOfEratosthenes\04.SieveOfEratosthenes.csproj", "{FD33E331-0FC2-4629-9B23-C1665CB35F9B}"
EndProject
Project("{FAE04EC0-301F-11D3-BF4B-00C04F79EFBC}") = "05.CompareCharArrays", "05.CompareCharArrays\05.CompareCharArrays.csproj", "{BE454418-81B1-4157-A6AF-33DB54ED89CE}"
EndProject
Project("{FAE04EC0-301F-11D3-BF4B-00C04F79EFBC}") = "06.MaxSequenceOfEqualElements", "06.MaxSequenceOfEqualElements\06.MaxSequenceOfEqualElements.csproj", "{D9F37325-A52C-488D-A992-7F19AE457826}"
EndProject
Project("{FAE04EC0-301F-11D3-BF4B-00C04F79EFBC}") = "07.MaxSequenceOfIncreasingElements", "07.MaxSequenceOfIncreasingElements\07.MaxSequenceOfIncreasingElements.csproj", "{29336F4B-3BC6-457F-AA79-AFD5DD63D88D}"
EndProject
Project("{FAE04EC0-301F-11D3-BF4B-00C04F79EFBC}") = "08.MostFrequentNumber", "08.MostFrequentNumber\08.MostFrequentNumber.csproj", "{39874BA2-5A6F-45D1-AA62-B9B1576B7823}"
EndProject
Project("{FAE04EC0-301F-11D3-BF4B-00C04F79EFBC}") = "09.IndexOfLetters", "09.IndexOfLetters\09.IndexOfLetters.csproj", "{FFF0957B-B0E9-48AC-BBC3-DDCAF7146C38}"
EndProject
Project("{FAE04EC0-301F-11D3-BF4B-00C04F79EFBC}") = "10.PairsByDifference", "10.PairsByDifference\10.PairsByDifference.csproj", "{2A534B86-2A30-4F17-B1FD-D78BE154E8AB}"
EndProject
Project("{FAE04EC0-301F-11D3-BF4B-00C04F79EFBC}") = "11.EqualSums", "11.EqualSums\11.EqualSums.csproj", "{79E66FE6-8B5D-4D10-A766-10F9E9204E26}"
EndProject
Project("{FAE04EC0-301F-11D3-BF4B-00C04F79EFBC}") = "12.MaxSequenceOfEqualElements", "12.MaxSequenceOfEqualElements\12.MaxSequenceOfEqualElements.csproj", "{A87BCCAC-1CA3-4BAE-A9BA-998C43000F36}"
EndProject
Project("{FAE04EC0-301F-11D3-BF4B-00C04F79EFBC}") = "13.LongestIncreasingSubsequence", "13.LongestIncreasingSubsequence\13.LongestIncreasingSubsequence.csproj", "{15CD8480-A450-4D47-97E2-0EDEB2E00F11}"
EndProject
Project("{FAE04EC0-301F-11D3-BF4B-00C04F79EFBC}") = "14.ArrayManupulator", "14.ArrayManupulator\14.ArrayManupulator.csproj", "{2AA3DCB6-E19E-4EEF-8822-984713F921EC}"
EndProject
Project("{FAE04EC0-301F-11D3-BF4B-00C04F79EFBC}") = "15.SumReversedNumbers", "15.SumReversedNumbers\15.SumReversedNumbers.csproj", "{8EF943BA-46D7-4303-AA98-729745AB5B49}"
EndProject
Project("{FAE04EC0-301F-11D3-BF4B-00C04F79EFBC}") = "16.BombNumbers", "16.BombNumbers\16.BombNumbers.csproj", "{1F640CE9-CBFF-4B84-9957-C4A4706B62A6}"
EndProject
Global
	GlobalSection(SolutionConfigurationPlatforms) = preSolution
		Debug|Any CPU = Debug|Any CPU
		Release|Any CPU = Release|Any CPU
	EndGlobalSection
	GlobalSection(ProjectConfigurationPlatforms) = postSolution
		{7F53B8B2-6C2E-49C5-89D8-07DEE8832D41}.Debug|Any CPU.ActiveCfg = Debug|Any CPU
		{7F53B8B2-6C2E-49C5-89D8-07DEE8832D41}.Debug|Any CPU.Build.0 = Debug|Any CPU
		{7F53B8B2-6C2E-49C5-89D8-07DEE8832D41}.Release|Any CPU.ActiveCfg = Release|Any CPU
		{7F53B8B2-6C2E-49C5-89D8-07DEE8832D41}.Release|Any CPU.Build.0 = Release|Any CPU
		{998E59BE-8336-4C30-96EF-83D0971952B6}.Debug|Any CPU.ActiveCfg = Debug|Any CPU
		{998E59BE-8336-4C30-96EF-83D0971952B6}.Debug|Any CPU.Build.0 = Debug|Any CPU
		{998E59BE-8336-4C30-96EF-83D0971952B6}.Release|Any CPU.ActiveCfg = Release|Any CPU
		{998E59BE-8336-4C30-96EF-83D0971952B6}.Release|Any CPU.Build.0 = Release|Any CPU
		{135AF960-2669-4506-8F39-D9C387425DEA}.Debug|Any CPU.ActiveCfg = Debug|Any CPU
		{135AF960-2669-4506-8F39-D9C387425DEA}.Debug|Any CPU.Build.0 = Debug|Any CPU
		{135AF960-2669-4506-8F39-D9C387425DEA}.Release|Any CPU.ActiveCfg = Release|Any CPU
		{135AF960-2669-4506-8F39-D9C387425DEA}.Release|Any CPU.Build.0 = Release|Any CPU
		{FD33E331-0FC2-4629-9B23-C1665CB35F9B}.Debug|Any CPU.ActiveCfg = Debug|Any CPU
		{FD33E331-0FC2-4629-9B23-C1665CB35F9B}.Debug|Any CPU.Build.0 = Debug|Any CPU
		{FD33E331-0FC2-4629-9B23-C1665CB35F9B}.Release|Any CPU.ActiveCfg = Release|Any CPU
		{FD33E331-0FC2-4629-9B23-C1665CB35F9B}.Release|Any CPU.Build.0 = Release|Any CPU
		{BE454418-81B1-4157-A6AF-33DB54ED89CE}.Debug|Any CPU.ActiveCfg = Debug|Any CPU
		{BE454418-81B1-4157-A6AF-33DB54ED89CE}.Debug|Any CPU.Build.0 = Debug|Any CPU
		{BE454418-81B1-4157-A6AF-33DB54ED89CE}.Release|Any CPU.ActiveCfg = Release|Any CPU
		{BE454418-81B1-4157-A6AF-33DB54ED89CE}.Release|Any CPU.Build.0 = Release|Any CPU
		{D9F37325-A52C-488D-A992-7F19AE457826}.Debug|Any CPU.ActiveCfg = Debug|Any CPU
		{D9F37325-A52C-488D-A992-7F19AE457826}.Debug|Any CPU.Build.0 = Debug|Any CPU
		{D9F37325-A52C-488D-A992-7F19AE457826}.Release|Any CPU.ActiveCfg = Release|Any CPU
		{D9F37325-A52C-488D-A992-7F19AE457826}.Release|Any CPU.Build.0 = Release|Any CPU
		{29336F4B-3BC6-457F-AA79-AFD5DD63D88D}.Debug|Any CPU.ActiveCfg = Debug|Any CPU
		{29336F4B-3BC6-457F-AA79-AFD5DD63D88D}.Debug|Any CPU.Build.0 = Debug|Any CPU
		{29336F4B-3BC6-457F-AA79-AFD5DD63D88D}.Release|Any CPU.ActiveCfg = Release|Any CPU
		{29336F4B-3BC6-457F-AA79-AFD5DD63D88D}.Release|Any CPU.Build.0 = Release|Any CPU
		{39874BA2-5A6F-45D1-AA62-B9B1576B7823}.Debug|Any CPU.ActiveCfg = Debug|Any CPU
		{39874BA2-5A6F-45D1-AA62-B9B1576B7823}.Debug|Any CPU.Build.0 = Debug|Any CPU
		{39874BA2-5A6F-45D1-AA62-B9B1576B7823}.Release|Any CPU.ActiveCfg = Release|Any CPU
		{39874BA2-5A6F-45D1-AA62-B9B1576B7823}.Release|Any CPU.Build.0 = Release|Any CPU
		{FFF0957B-B0E9-48AC-BBC3-DDCAF7146C38}.Debug|Any CPU.ActiveCfg = Debug|Any CPU
		{FFF0957B-B0E9-48AC-BBC3-DDCAF7146C38}.Debug|Any CPU.Build.0 = Debug|Any CPU
		{FFF0957B-B0E9-48AC-BBC3-DDCAF7146C38}.Release|Any CPU.ActiveCfg = Release|Any CPU
		{FFF0957B-B0E9-48AC-BBC3-DDCAF7146C38}.Release|Any CPU.Build.0 = Release|Any CPU
		{2A534B86-2A30-4F17-B1FD-D78BE154E8AB}.Debug|Any CPU.ActiveCfg = Debug|Any CPU
		{2A534B86-2A30-4F17-B1FD-D78BE154E8AB}.Debug|Any CPU.Build.0 = Debug|Any CPU
		{2A534B86-2A30-4F17-B1FD-D78BE154E8AB}.Release|Any CPU.ActiveCfg = Release|Any CPU
		{2A534B86-2A30-4F17-B1FD-D78BE154E8AB}.Release|Any CPU.Build.0 = Release|Any CPU
		{79E66FE6-8B5D-4D10-A766-10F9E9204E26}.Debug|Any CPU.ActiveCfg = Debug|Any CPU
		{79E66FE6-8B5D-4D10-A766-10F9E9204E26}.Debug|Any CPU.Build.0 = Debug|Any CPU
		{79E66FE6-8B5D-4D10-A766-10F9E9204E26}.Release|Any CPU.ActiveCfg = Release|Any CPU
		{79E66FE6-8B5D-4D10-A766-10F9E9204E26}.Release|Any CPU.Build.0 = Release|Any CPU
		{A87BCCAC-1CA3-4BAE-A9BA-998C43000F36}.Debug|Any CPU.ActiveCfg = Debug|Any CPU
		{A87BCCAC-1CA3-4BAE-A9BA-998C43000F36}.Debug|Any CPU.Build.0 = Debug|Any CPU
		{A87BCCAC-1CA3-4BAE-A9BA-998C43000F36}.Release|Any CPU.ActiveCfg = Release|Any CPU
		{A87BCCAC-1CA3-4BAE-A9BA-998C43000F36}.Release|Any CPU.Build.0 = Release|Any CPU
		{15CD8480-A450-4D47-97E2-0EDEB2E00F11}.Debug|Any CPU.ActiveCfg = Debug|Any CPU
		{15CD8480-A450-4D47-97E2-0EDEB2E00F11}.Debug|Any CPU.Build.0 = Debug|Any CPU
		{15CD8480-A450-4D47-97E2-0EDEB2E00F11}.Release|Any CPU.ActiveCfg = Release|Any CPU
		{15CD8480-A450-4D47-97E2-0EDEB2E00F11}.Release|Any CPU.Build.0 = Release|Any CPU
		{2AA3DCB6-E19E-4EEF-8822-984713F921EC}.Debug|Any CPU.ActiveCfg = Debug|Any CPU
		{2AA3DCB6-E19E-4EEF-8822-984713F921EC}.Debug|Any CPU.Build.0 = Debug|Any CPU
		{2AA3DCB6-E19E-4EEF-8822-984713F921EC}.Release|Any CPU.ActiveCfg = Release|Any CPU
		{2AA3DCB6-E19E-4EEF-8822-984713F921EC}.Release|Any CPU.Build.0 = Release|Any CPU
		{8EF943BA-46D7-4303-AA98-729745AB5B49}.Debug|Any CPU.ActiveCfg = Debug|Any CPU
		{8EF943BA-46D7-4303-AA98-729745AB5B49}.Debug|Any CPU.Build.0 = Debug|Any CPU
		{8EF943BA-46D7-4303-AA98-729745AB5B49}.Release|Any CPU.ActiveCfg = Release|Any CPU
		{8EF943BA-46D7-4303-AA98-729745AB5B49}.Release|Any CPU.Build.0 = Release|Any CPU
		{1F640CE9-CBFF-4B84-9957-C4A4706B62A6}.Debug|Any CPU.ActiveCfg = Debug|Any CPU
		{1F640CE9-CBFF-4B84-9957-C4A4706B62A6}.Debug|Any CPU.Build.0 = Debug|Any CPU
		{1F640CE9-CBFF-4B84-9957-C4A4706B62A6}.Release|Any CPU.ActiveCfg = Release|Any CPU
		{1F640CE9-CBFF-4B84-9957-C4A4706B62A6}.Release|Any CPU.Build.0 = Release|Any CPU
	EndGlobalSection
	GlobalSection(SolutionProperties) = preSolution
		HideSolutionNode = FALSE
	EndGlobalSection
EndGlobal
