
Microsoft Visual Studio Solution File, Format Version 12.00
# Visual Studio 2012
Project("{FAE04EC0-301F-11D3-BF4B-00C04F79EFBC}") = "01.Phonebook", "01.Phonebook\01.Phonebook.csproj", "{0DCAFD6E-F5B1-4C75-82F9-2580C95FC2AF}"
EndProject
Project("{FAE04EC0-301F-11D3-BF4B-00C04F79EFBC}") = "02.PhonebookUpgrade", "02.PhonebookUpgrade\02.PhonebookUpgrade.csproj", "{100C0F03-A506-424D-A5A0-D1A0B8AA73A1}"
EndProject
Project("{FAE04EC0-301F-11D3-BF4B-00C04F79EFBC}") = "03.MinerTask", "03.MinerTask\03.MinerTask.csproj", "{20D4A71C-1EF6-4F85-A164-C1C533DE6A58}"
EndProject
Project("{FAE04EC0-301F-11D3-BF4B-00C04F79EFBC}") = "04.FixMails", "04.FixMails\04.FixMails.csproj", "{E1BDD1F4-D002-4BA3-8924-0FA9B8FE5E6E}"
EndProject
Project("{FAE04EC0-301F-11D3-BF4B-00C04F79EFBC}") = "05.HandsOfCards", "05.HandsOfCards\05.HandsOfCards.csproj", "{DD1B56A2-3C5A-4C8D-B6FA-C2C6B2788A40}"
EndProject
Project("{FAE04EC0-301F-11D3-BF4B-00C04F79EFBC}") = "06.UserLogs", "06.UserLogs\06.UserLogs.csproj", "{B52A0DD0-AA4D-445F-98C5-01759F561D37}"
EndProject
Project("{FAE04EC0-301F-11D3-BF4B-00C04F79EFBC}") = "07.PopulationCounter", "07.PopulationCounter\07.PopulationCounter.csproj", "{E1320190-2C0B-4F59-AC71-96DF0E786D3A}"
EndProject
Project("{FAE04EC0-301F-11D3-BF4B-00C04F79EFBC}") = "08.LogsAggregator", "08.LogsAggregator\08.LogsAggregator.csproj", "{3D2A031C-5A1D-4B2B-9148-4097F7737D28}"
EndProject
Project("{FAE04EC0-301F-11D3-BF4B-00C04F79EFBC}") = "09.LegendaryFarming", "09.LegendaryFarming\09.LegendaryFarming.csproj", "{00920F51-2C07-44BE-8D18-D6DDF4DB2271}"
EndProject
Project("{FAE04EC0-301F-11D3-BF4B-00C04F79EFBC}") = "10.SrubskoUnleashed", "10.SrubskoUnleashed\10.SrubskoUnleashed.csproj", "{B44E3C1A-88A2-4FA2-92FE-EE43ABEA794E}"
EndProject
Project("{FAE04EC0-301F-11D3-BF4B-00C04F79EFBC}") = "11.DragonArmy", "11.DragonArmy\11.DragonArmy.csproj", "{1DEF04FB-062E-4373-A375-ECC06A9A67A6}"
EndProject
Project("{FAE04EC0-301F-11D3-BF4B-00C04F79EFBC}") = "05.HandsOfCards2", "05.HandsOfCards2\05.HandsOfCards2.csproj", "{BE0C2034-B9E9-426F-B7B8-CF5814005F94}"
EndProject
Global
	GlobalSection(SolutionConfigurationPlatforms) = preSolution
		Debug|Any CPU = Debug|Any CPU
		Release|Any CPU = Release|Any CPU
	EndGlobalSection
	GlobalSection(ProjectConfigurationPlatforms) = postSolution
		{0DCAFD6E-F5B1-4C75-82F9-2580C95FC2AF}.Debug|Any CPU.ActiveCfg = Debug|Any CPU
		{0DCAFD6E-F5B1-4C75-82F9-2580C95FC2AF}.Debug|Any CPU.Build.0 = Debug|Any CPU
		{0DCAFD6E-F5B1-4C75-82F9-2580C95FC2AF}.Release|Any CPU.ActiveCfg = Release|Any CPU
		{0DCAFD6E-F5B1-4C75-82F9-2580C95FC2AF}.Release|Any CPU.Build.0 = Release|Any CPU
		{100C0F03-A506-424D-A5A0-D1A0B8AA73A1}.Debug|Any CPU.ActiveCfg = Debug|Any CPU
		{100C0F03-A506-424D-A5A0-D1A0B8AA73A1}.Debug|Any CPU.Build.0 = Debug|Any CPU
		{100C0F03-A506-424D-A5A0-D1A0B8AA73A1}.Release|Any CPU.ActiveCfg = Release|Any CPU
		{100C0F03-A506-424D-A5A0-D1A0B8AA73A1}.Release|Any CPU.Build.0 = Release|Any CPU
		{20D4A71C-1EF6-4F85-A164-C1C533DE6A58}.Debug|Any CPU.ActiveCfg = Debug|Any CPU
		{20D4A71C-1EF6-4F85-A164-C1C533DE6A58}.Debug|Any CPU.Build.0 = Debug|Any CPU
		{20D4A71C-1EF6-4F85-A164-C1C533DE6A58}.Release|Any CPU.ActiveCfg = Release|Any CPU
		{20D4A71C-1EF6-4F85-A164-C1C533DE6A58}.Release|Any CPU.Build.0 = Release|Any CPU
		{E1BDD1F4-D002-4BA3-8924-0FA9B8FE5E6E}.Debug|Any CPU.ActiveCfg = Debug|Any CPU
		{E1BDD1F4-D002-4BA3-8924-0FA9B8FE5E6E}.Debug|Any CPU.Build.0 = Debug|Any CPU
		{E1BDD1F4-D002-4BA3-8924-0FA9B8FE5E6E}.Release|Any CPU.ActiveCfg = Release|Any CPU
		{E1BDD1F4-D002-4BA3-8924-0FA9B8FE5E6E}.Release|Any CPU.Build.0 = Release|Any CPU
		{DD1B56A2-3C5A-4C8D-B6FA-C2C6B2788A40}.Debug|Any CPU.ActiveCfg = Debug|Any CPU
		{DD1B56A2-3C5A-4C8D-B6FA-C2C6B2788A40}.Debug|Any CPU.Build.0 = Debug|Any CPU
		{DD1B56A2-3C5A-4C8D-B6FA-C2C6B2788A40}.Release|Any CPU.ActiveCfg = Release|Any CPU
		{DD1B56A2-3C5A-4C8D-B6FA-C2C6B2788A40}.Release|Any CPU.Build.0 = Release|Any CPU
		{B52A0DD0-AA4D-445F-98C5-01759F561D37}.Debug|Any CPU.ActiveCfg = Debug|Any CPU
		{B52A0DD0-AA4D-445F-98C5-01759F561D37}.Debug|Any CPU.Build.0 = Debug|Any CPU
		{B52A0DD0-AA4D-445F-98C5-01759F561D37}.Release|Any CPU.ActiveCfg = Release|Any CPU
		{B52A0DD0-AA4D-445F-98C5-01759F561D37}.Release|Any CPU.Build.0 = Release|Any CPU
		{E1320190-2C0B-4F59-AC71-96DF0E786D3A}.Debug|Any CPU.ActiveCfg = Debug|Any CPU
		{E1320190-2C0B-4F59-AC71-96DF0E786D3A}.Debug|Any CPU.Build.0 = Debug|Any CPU
		{E1320190-2C0B-4F59-AC71-96DF0E786D3A}.Release|Any CPU.ActiveCfg = Release|Any CPU
		{E1320190-2C0B-4F59-AC71-96DF0E786D3A}.Release|Any CPU.Build.0 = Release|Any CPU
		{3D2A031C-5A1D-4B2B-9148-4097F7737D28}.Debug|Any CPU.ActiveCfg = Debug|Any CPU
		{3D2A031C-5A1D-4B2B-9148-4097F7737D28}.Debug|Any CPU.Build.0 = Debug|Any CPU
		{3D2A031C-5A1D-4B2B-9148-4097F7737D28}.Release|Any CPU.ActiveCfg = Release|Any CPU
		{3D2A031C-5A1D-4B2B-9148-4097F7737D28}.Release|Any CPU.Build.0 = Release|Any CPU
		{00920F51-2C07-44BE-8D18-D6DDF4DB2271}.Debug|Any CPU.ActiveCfg = Debug|Any CPU
		{00920F51-2C07-44BE-8D18-D6DDF4DB2271}.Debug|Any CPU.Build.0 = Debug|Any CPU
		{00920F51-2C07-44BE-8D18-D6DDF4DB2271}.Release|Any CPU.ActiveCfg = Release|Any CPU
		{00920F51-2C07-44BE-8D18-D6DDF4DB2271}.Release|Any CPU.Build.0 = Release|Any CPU
		{B44E3C1A-88A2-4FA2-92FE-EE43ABEA794E}.Debug|Any CPU.ActiveCfg = Debug|Any CPU
		{B44E3C1A-88A2-4FA2-92FE-EE43ABEA794E}.Debug|Any CPU.Build.0 = Debug|Any CPU
		{B44E3C1A-88A2-4FA2-92FE-EE43ABEA794E}.Release|Any CPU.ActiveCfg = Release|Any CPU
		{B44E3C1A-88A2-4FA2-92FE-EE43ABEA794E}.Release|Any CPU.Build.0 = Release|Any CPU
		{1DEF04FB-062E-4373-A375-ECC06A9A67A6}.Debug|Any CPU.ActiveCfg = Debug|Any CPU
		{1DEF04FB-062E-4373-A375-ECC06A9A67A6}.Debug|Any CPU.Build.0 = Debug|Any CPU
		{1DEF04FB-062E-4373-A375-ECC06A9A67A6}.Release|Any CPU.ActiveCfg = Release|Any CPU
		{1DEF04FB-062E-4373-A375-ECC06A9A67A6}.Release|Any CPU.Build.0 = Release|Any CPU
		{BE0C2034-B9E9-426F-B7B8-CF5814005F94}.Debug|Any CPU.ActiveCfg = Debug|Any CPU
		{BE0C2034-B9E9-426F-B7B8-CF5814005F94}.Debug|Any CPU.Build.0 = Debug|Any CPU
		{BE0C2034-B9E9-426F-B7B8-CF5814005F94}.Release|Any CPU.ActiveCfg = Release|Any CPU
		{BE0C2034-B9E9-426F-B7B8-CF5814005F94}.Release|Any CPU.Build.0 = Release|Any CPU
	EndGlobalSection
	GlobalSection(SolutionProperties) = preSolution
		HideSolutionNode = FALSE
	EndGlobalSection
EndGlobal
