
Microsoft Visual Studio Solution File, Format Version 12.00
# Visual Studio 2012
Project("{FAE04EC0-301F-11D3-BF4B-00C04F79EFBC}") = "15. FastPrimeChecker", "15. FastPrimeChecker\15. FastPrimeChecker.csproj", "{6E99E0D0-2FC1-4536-81B5-43CA269ABA31}"
EndProject
Project("{FAE04EC0-301F-11D3-BF4B-00C04F79EFBC}") = "01.PracticeIntegers", "01.PracticeIntegers\01.PracticeIntegers.csproj", "{915C48B9-F90D-4BA1-BD37-FA1ABF3C9A0F}"
EndProject
Project("{FAE04EC0-301F-11D3-BF4B-00C04F79EFBC}") = "16.ComparingFloats", "16.ComparingFloats\16.ComparingFloats.csproj", "{E192F3AC-7EDE-4A8D-ABC9-48974786AFDC}"
EndProject
Project("{FAE04EC0-301F-11D3-BF4B-00C04F79EFBC}") = "17.PrintPartsOfASCII", "17.PrintPartsOfASCII\17.PrintPartsOfASCII.csproj", "{1A73D350-6003-4C37-8750-461CD0608CF9}"
EndProject
Project("{FAE04EC0-301F-11D3-BF4B-00C04F79EFBC}") = "18.DifferentIntegersSize", "18.DifferentIntegersSize\18.DifferentIntegersSize.csproj", "{DDF260A2-32F2-40DC-B6F2-8A616AFB6221}"
EndProject
Project("{FAE04EC0-301F-11D3-BF4B-00C04F79EFBC}") = "02.PracticeFloatingPoints", "02.PracticeFloatingPoints\02.PracticeFloatingPoints.csproj", "{9C2431FD-2A30-4902-BFD9-18F4DB5A582A}"
EndProject
Project("{FAE04EC0-301F-11D3-BF4B-00C04F79EFBC}") = "19.TheaThePhotographer", "19.TheaThePhotographer\19.TheaThePhotographer.csproj", "{DB1B45CD-3F7E-465B-ACCB-385E73C42CC6}"
EndProject
Project("{FAE04EC0-301F-11D3-BF4B-00C04F79EFBC}") = "03.PracticeCharactersAndStrings", "03.PracticeCharactersAndStrings\03.PracticeCharactersAndStrings.csproj", "{859B15F7-DE50-4361-A429-35345E1ED6DB}"
EndProject
Project("{FAE04EC0-301F-11D3-BF4B-00C04F79EFBC}") = "04.VariableInHexFormat", "04.VariableInHexFormat\04.VariableInHexFormat.csproj", "{4965DEB9-9D0F-4463-864E-306C825A2C54}"
EndProject
Project("{FAE04EC0-301F-11D3-BF4B-00C04F79EFBC}") = "05.BooleanVariable", "05.BooleanVariable\05.BooleanVariable.csproj", "{DBAD8E37-C1B8-432D-8C22-C0611E0E6DB5}"
EndProject
Project("{FAE04EC0-301F-11D3-BF4B-00C04F79EFBC}") = "06.StringsAndObjects", "06.StringsAndObjects\06.StringsAndObjects.csproj", "{F78A4D46-0547-486A-A060-A9CFF65C87D2}"
EndProject
Project("{FAE04EC0-301F-11D3-BF4B-00C04F79EFBC}") = "07.ExchangeVariableValues", "07.ExchangeVariableValues\07.ExchangeVariableValues.csproj", "{1649C9D9-A06C-46AF-B164-BA8E6836D418}"
EndProject
Project("{FAE04EC0-301F-11D3-BF4B-00C04F79EFBC}") = "08.EmployeeData", "08.EmployeeData\08.EmployeeData.csproj", "{ED34EC2A-5606-49F4-A727-F9D51CCF182B}"
EndProject
Project("{FAE04EC0-301F-11D3-BF4B-00C04F79EFBC}") = "09.ReversedChars", "09.ReversedChars\09.ReversedChars.csproj", "{53E9097C-B8A2-4C7A-8CE7-0CB49DA271C0}"
EndProject
Project("{FAE04EC0-301F-11D3-BF4B-00C04F79EFBC}") = "10.CenturiesToNanoseconds", "10.CenturiesToNanoseconds\10.CenturiesToNanoseconds.csproj", "{BD0C593A-71A7-46FD-8227-9AB87A1069CF}"
EndProject
Project("{FAE04EC0-301F-11D3-BF4B-00C04F79EFBC}") = "14.IntegerToHexAndBinary", "14.IntegerToHexAndBinary\14.IntegerToHexAndBinary.csproj", "{E7B6AFB8-3976-4F3D-BBFC-46FAE723295F}"
EndProject
Project("{FAE04EC0-301F-11D3-BF4B-00C04F79EFBC}") = "13.VowelOrDigit", "13.VowelOrDigit\13.VowelOrDigit.csproj", "{7AF90997-C7D0-43B1-9C22-6794EB1C3A85}"
EndProject
Project("{FAE04EC0-301F-11D3-BF4B-00C04F79EFBC}") = "12.RectangleProperties", "12.RectangleProperties\12.RectangleProperties.csproj", "{FBC8DA2C-EDEA-4F8F-92ED-7DD85AA5BC9F}"
EndProject
Project("{FAE04EC0-301F-11D3-BF4B-00C04F79EFBC}") = "11.ConvertSpeedUnits", "11.ConvertSpeedUnits\11.ConvertSpeedUnits.csproj", "{E8241AA1-6AD2-4465-B295-6D331AC40B79}"
EndProject
Global
	GlobalSection(SolutionConfigurationPlatforms) = preSolution
		Debug|Any CPU = Debug|Any CPU
		Release|Any CPU = Release|Any CPU
	EndGlobalSection
	GlobalSection(ProjectConfigurationPlatforms) = postSolution
		{6E99E0D0-2FC1-4536-81B5-43CA269ABA31}.Debug|Any CPU.ActiveCfg = Debug|Any CPU
		{6E99E0D0-2FC1-4536-81B5-43CA269ABA31}.Debug|Any CPU.Build.0 = Debug|Any CPU
		{6E99E0D0-2FC1-4536-81B5-43CA269ABA31}.Release|Any CPU.ActiveCfg = Release|Any CPU
		{6E99E0D0-2FC1-4536-81B5-43CA269ABA31}.Release|Any CPU.Build.0 = Release|Any CPU
		{915C48B9-F90D-4BA1-BD37-FA1ABF3C9A0F}.Debug|Any CPU.ActiveCfg = Debug|Any CPU
		{915C48B9-F90D-4BA1-BD37-FA1ABF3C9A0F}.Debug|Any CPU.Build.0 = Debug|Any CPU
		{915C48B9-F90D-4BA1-BD37-FA1ABF3C9A0F}.Release|Any CPU.ActiveCfg = Release|Any CPU
		{915C48B9-F90D-4BA1-BD37-FA1ABF3C9A0F}.Release|Any CPU.Build.0 = Release|Any CPU
		{E192F3AC-7EDE-4A8D-ABC9-48974786AFDC}.Debug|Any CPU.ActiveCfg = Debug|Any CPU
		{E192F3AC-7EDE-4A8D-ABC9-48974786AFDC}.Debug|Any CPU.Build.0 = Debug|Any CPU
		{E192F3AC-7EDE-4A8D-ABC9-48974786AFDC}.Release|Any CPU.ActiveCfg = Release|Any CPU
		{E192F3AC-7EDE-4A8D-ABC9-48974786AFDC}.Release|Any CPU.Build.0 = Release|Any CPU
		{1A73D350-6003-4C37-8750-461CD0608CF9}.Debug|Any CPU.ActiveCfg = Debug|Any CPU
		{1A73D350-6003-4C37-8750-461CD0608CF9}.Debug|Any CPU.Build.0 = Debug|Any CPU
		{1A73D350-6003-4C37-8750-461CD0608CF9}.Release|Any CPU.ActiveCfg = Release|Any CPU
		{1A73D350-6003-4C37-8750-461CD0608CF9}.Release|Any CPU.Build.0 = Release|Any CPU
		{DDF260A2-32F2-40DC-B6F2-8A616AFB6221}.Debug|Any CPU.ActiveCfg = Debug|Any CPU
		{DDF260A2-32F2-40DC-B6F2-8A616AFB6221}.Debug|Any CPU.Build.0 = Debug|Any CPU
		{DDF260A2-32F2-40DC-B6F2-8A616AFB6221}.Release|Any CPU.ActiveCfg = Release|Any CPU
		{DDF260A2-32F2-40DC-B6F2-8A616AFB6221}.Release|Any CPU.Build.0 = Release|Any CPU
		{9C2431FD-2A30-4902-BFD9-18F4DB5A582A}.Debug|Any CPU.ActiveCfg = Debug|Any CPU
		{9C2431FD-2A30-4902-BFD9-18F4DB5A582A}.Debug|Any CPU.Build.0 = Debug|Any CPU
		{9C2431FD-2A30-4902-BFD9-18F4DB5A582A}.Release|Any CPU.ActiveCfg = Release|Any CPU
		{9C2431FD-2A30-4902-BFD9-18F4DB5A582A}.Release|Any CPU.Build.0 = Release|Any CPU
		{DB1B45CD-3F7E-465B-ACCB-385E73C42CC6}.Debug|Any CPU.ActiveCfg = Debug|Any CPU
		{DB1B45CD-3F7E-465B-ACCB-385E73C42CC6}.Debug|Any CPU.Build.0 = Debug|Any CPU
		{DB1B45CD-3F7E-465B-ACCB-385E73C42CC6}.Release|Any CPU.ActiveCfg = Release|Any CPU
		{DB1B45CD-3F7E-465B-ACCB-385E73C42CC6}.Release|Any CPU.Build.0 = Release|Any CPU
		{859B15F7-DE50-4361-A429-35345E1ED6DB}.Debug|Any CPU.ActiveCfg = Debug|Any CPU
		{859B15F7-DE50-4361-A429-35345E1ED6DB}.Debug|Any CPU.Build.0 = Debug|Any CPU
		{859B15F7-DE50-4361-A429-35345E1ED6DB}.Release|Any CPU.ActiveCfg = Release|Any CPU
		{859B15F7-DE50-4361-A429-35345E1ED6DB}.Release|Any CPU.Build.0 = Release|Any CPU
		{4965DEB9-9D0F-4463-864E-306C825A2C54}.Debug|Any CPU.ActiveCfg = Debug|Any CPU
		{4965DEB9-9D0F-4463-864E-306C825A2C54}.Debug|Any CPU.Build.0 = Debug|Any CPU
		{4965DEB9-9D0F-4463-864E-306C825A2C54}.Release|Any CPU.ActiveCfg = Release|Any CPU
		{4965DEB9-9D0F-4463-864E-306C825A2C54}.Release|Any CPU.Build.0 = Release|Any CPU
		{DBAD8E37-C1B8-432D-8C22-C0611E0E6DB5}.Debug|Any CPU.ActiveCfg = Debug|Any CPU
		{DBAD8E37-C1B8-432D-8C22-C0611E0E6DB5}.Debug|Any CPU.Build.0 = Debug|Any CPU
		{DBAD8E37-C1B8-432D-8C22-C0611E0E6DB5}.Release|Any CPU.ActiveCfg = Release|Any CPU
		{DBAD8E37-C1B8-432D-8C22-C0611E0E6DB5}.Release|Any CPU.Build.0 = Release|Any CPU
		{F78A4D46-0547-486A-A060-A9CFF65C87D2}.Debug|Any CPU.ActiveCfg = Debug|Any CPU
		{F78A4D46-0547-486A-A060-A9CFF65C87D2}.Debug|Any CPU.Build.0 = Debug|Any CPU
		{F78A4D46-0547-486A-A060-A9CFF65C87D2}.Release|Any CPU.ActiveCfg = Release|Any CPU
		{F78A4D46-0547-486A-A060-A9CFF65C87D2}.Release|Any CPU.Build.0 = Release|Any CPU
		{1649C9D9-A06C-46AF-B164-BA8E6836D418}.Debug|Any CPU.ActiveCfg = Debug|Any CPU
		{1649C9D9-A06C-46AF-B164-BA8E6836D418}.Debug|Any CPU.Build.0 = Debug|Any CPU
		{1649C9D9-A06C-46AF-B164-BA8E6836D418}.Release|Any CPU.ActiveCfg = Release|Any CPU
		{1649C9D9-A06C-46AF-B164-BA8E6836D418}.Release|Any CPU.Build.0 = Release|Any CPU
		{ED34EC2A-5606-49F4-A727-F9D51CCF182B}.Debug|Any CPU.ActiveCfg = Debug|Any CPU
		{ED34EC2A-5606-49F4-A727-F9D51CCF182B}.Debug|Any CPU.Build.0 = Debug|Any CPU
		{ED34EC2A-5606-49F4-A727-F9D51CCF182B}.Release|Any CPU.ActiveCfg = Release|Any CPU
		{ED34EC2A-5606-49F4-A727-F9D51CCF182B}.Release|Any CPU.Build.0 = Release|Any CPU
		{53E9097C-B8A2-4C7A-8CE7-0CB49DA271C0}.Debug|Any CPU.ActiveCfg = Debug|Any CPU
		{53E9097C-B8A2-4C7A-8CE7-0CB49DA271C0}.Debug|Any CPU.Build.0 = Debug|Any CPU
		{53E9097C-B8A2-4C7A-8CE7-0CB49DA271C0}.Release|Any CPU.ActiveCfg = Release|Any CPU
		{53E9097C-B8A2-4C7A-8CE7-0CB49DA271C0}.Release|Any CPU.Build.0 = Release|Any CPU
		{BD0C593A-71A7-46FD-8227-9AB87A1069CF}.Debug|Any CPU.ActiveCfg = Debug|Any CPU
		{BD0C593A-71A7-46FD-8227-9AB87A1069CF}.Debug|Any CPU.Build.0 = Debug|Any CPU
		{BD0C593A-71A7-46FD-8227-9AB87A1069CF}.Release|Any CPU.ActiveCfg = Release|Any CPU
		{BD0C593A-71A7-46FD-8227-9AB87A1069CF}.Release|Any CPU.Build.0 = Release|Any CPU
		{E7B6AFB8-3976-4F3D-BBFC-46FAE723295F}.Debug|Any CPU.ActiveCfg = Debug|Any CPU
		{E7B6AFB8-3976-4F3D-BBFC-46FAE723295F}.Debug|Any CPU.Build.0 = Debug|Any CPU
		{E7B6AFB8-3976-4F3D-BBFC-46FAE723295F}.Release|Any CPU.ActiveCfg = Release|Any CPU
		{E7B6AFB8-3976-4F3D-BBFC-46FAE723295F}.Release|Any CPU.Build.0 = Release|Any CPU
		{7AF90997-C7D0-43B1-9C22-6794EB1C3A85}.Debug|Any CPU.ActiveCfg = Debug|Any CPU
		{7AF90997-C7D0-43B1-9C22-6794EB1C3A85}.Debug|Any CPU.Build.0 = Debug|Any CPU
		{7AF90997-C7D0-43B1-9C22-6794EB1C3A85}.Release|Any CPU.ActiveCfg = Release|Any CPU
		{7AF90997-C7D0-43B1-9C22-6794EB1C3A85}.Release|Any CPU.Build.0 = Release|Any CPU
		{FBC8DA2C-EDEA-4F8F-92ED-7DD85AA5BC9F}.Debug|Any CPU.ActiveCfg = Debug|Any CPU
		{FBC8DA2C-EDEA-4F8F-92ED-7DD85AA5BC9F}.Debug|Any CPU.Build.0 = Debug|Any CPU
		{FBC8DA2C-EDEA-4F8F-92ED-7DD85AA5BC9F}.Release|Any CPU.ActiveCfg = Release|Any CPU
		{FBC8DA2C-EDEA-4F8F-92ED-7DD85AA5BC9F}.Release|Any CPU.Build.0 = Release|Any CPU
		{E8241AA1-6AD2-4465-B295-6D331AC40B79}.Debug|Any CPU.ActiveCfg = Debug|Any CPU
		{E8241AA1-6AD2-4465-B295-6D331AC40B79}.Debug|Any CPU.Build.0 = Debug|Any CPU
		{E8241AA1-6AD2-4465-B295-6D331AC40B79}.Release|Any CPU.ActiveCfg = Release|Any CPU
		{E8241AA1-6AD2-4465-B295-6D331AC40B79}.Release|Any CPU.Build.0 = Release|Any CPU
	EndGlobalSection
	GlobalSection(SolutionProperties) = preSolution
		HideSolutionNode = FALSE
	EndGlobalSection
EndGlobal
