
Microsoft Visual Studio Solution File, Format Version 12.00
# Visual Studio 14
VisualStudioVersion = 14.0.25420.1
MinimumVisualStudioVersion = 10.0.40219.1
Project("{FAE04EC0-301F-11D3-BF4B-00C04F79EFBC}") = "02.Methods-Exercises", "02.Methods-Exercises\02.Methods-Exercises.csproj", "{DF29FB2A-B20B-41FC-AD3B-EC9DA1C70B07}"
EndProject
Project("{FAE04EC0-301F-11D3-BF4B-00C04F79EFBC}") = "02.Methods-Lab", "02.Methods-Lab\02.Methods-Lab.csproj", "{5CB1BE3C-F219-4BAC-ABFE-5CD3AA68919B}"
EndProject
Project("{FAE04EC0-301F-11D3-BF4B-00C04F79EFBC}") = "01.DataTypes-Exercises", "01.DataTypes-Exercises\01.DataTypes-Exercises.csproj", "{23C44F30-B158-4319-B7E8-568E75842A85}"
EndProject
Project("{FAE04EC0-301F-11D3-BF4B-00C04F79EFBC}") = "01.DataTypes-First-Lab", "01.DataTypes-First-Lab\01.DataTypes-First-Lab.csproj", "{D2DFB642-022F-486B-B502-A277A11613CC}"
EndProject
Project("{FAE04EC0-301F-11D3-BF4B-00C04F79EFBC}") = "01.DataTypes-Second-Lab", "01.DataTypes-Second-Lab\01.DataTypes-Second-Lab.csproj", "{0C38DDDB-72AB-47A0-9239-C884EE5D1299}"
EndProject
Project("{FAE04EC0-301F-11D3-BF4B-00C04F79EFBC}") = "03.Debugging-Lab", "03.Debugging-Lab\03.Debugging-Lab.csproj", "{4EC2586D-676F-4262-BE19-9634E6B916FF}"
EndProject
Project("{FAE04EC0-301F-11D3-BF4B-00C04F79EFBC}") = "03.Debugging-Exercises", "03.Debugging-Exercises\03.Debugging-Exercises.csproj", "{4D2374CF-BC3D-4F2C-B617-C23EC1C4CF48}"
EndProject
Project("{FAE04EC0-301F-11D3-BF4B-00C04F79EFBC}") = "06.Algorithms-Lab", "06.Algorithms-Lab\06.Algorithms-Lab.csproj", "{B533FE9F-72C0-4988-8418-6034D7C319BA}"
EndProject
Project("{FAE04EC0-301F-11D3-BF4B-00C04F79EFBC}") = "06.Algorithms-Exercises", "06.Algorithms-Exercises\06.Algorithms-Exercises.csproj", "{939FE0A9-8A1D-468E-A288-98072A1E17AC}"
EndProject
Project("{FAE04EC0-301F-11D3-BF4B-00C04F79EFBC}") = "06.Algorithms-More-Exercises", "06.Algorithms-More-Exercises\06.Algorithms-More-Exercises.csproj", "{6C402931-BCEA-479C-8CE5-266D0784BB2A}"
EndProject
Project("{FAE04EC0-301F-11D3-BF4B-00C04F79EFBC}") = "05.Lists-More-Exercises", "05.Lists-More-Exercises\05.Lists-More-Exercises.csproj", "{3B53A35C-3E2D-484B-B35E-F5424EEC44D4}"
EndProject
Project("{FAE04EC0-301F-11D3-BF4B-00C04F79EFBC}") = "05.Lists-Exercises", "05.Lists-Exercises\05.Lists-Exercises.csproj", "{44597529-F879-4F03-AAB7-65C67E3E5257}"
EndProject
Project("{FAE04EC0-301F-11D3-BF4B-00C04F79EFBC}") = "05.Lists-Lab", "05.Lists-Lab\05.Lists-Lab.csproj", "{96AC2FCE-C180-45C6-B9B4-79A5E95DD933}"
EndProject
Project("{FAE04EC0-301F-11D3-BF4B-00C04F79EFBC}") = "04.Array-More-Exercises", "04.Array-More-Exercises\04.Array-More-Exercises.csproj", "{F84A281D-75FD-4926-A4AA-32133AD60F1F}"
EndProject
Project("{FAE04EC0-301F-11D3-BF4B-00C04F79EFBC}") = "04.Array-Exercises", "04.Array-Exercises\04.Array-Exercises.csproj", "{9EC90475-5D57-47CC-9307-8143C76AE917}"
EndProject
Project("{FAE04EC0-301F-11D3-BF4B-00C04F79EFBC}") = "04.Array-Lab", "04.Array-Lab\04.Array-Lab.csproj", "{2E7693D1-AD57-4A71-927C-B0C52423F9B8}"
EndProject
Project("{FAE04EC0-301F-11D3-BF4B-00C04F79EFBC}") = "07.Dictionaries-Lab", "07.Dictionaries-Lab\07.Dictionaries-Lab.csproj", "{A0410133-D1EB-4706-9E9C-82A3684B5645}"
EndProject
Project("{FAE04EC0-301F-11D3-BF4B-00C04F79EFBC}") = "07.Dictionaries-Exercises", "07.Dictionaries-Exercises\07.Dictionaries-Exercises.csproj", "{B2F943F8-1ECB-4AF3-A7A1-4F521E2A456A}"
EndProject
Project("{FAE04EC0-301F-11D3-BF4B-00C04F79EFBC}") = "08.Advanced-Collections-Lab", "08.Advanced-Collections-Lab\08.Advanced-Collections-Lab.csproj", "{FF1EAA02-175C-44E3-BD0C-09513B1A8DB7}"
EndProject
Project("{FAE04EC0-301F-11D3-BF4B-00C04F79EFBC}") = "08.Advanced-Collections-Exercises", "08.Advanced-Collections-Exercises\08.Advanced-Collections-Exercises.csproj", "{00F71DB6-7667-420C-B8E4-C9A5A85554BB}"
EndProject
Project("{FAE04EC0-301F-11D3-BF4B-00C04F79EFBC}") = "09.Lambda-LINQ-Lab", "09.Lambda-LINQ-Lab\09.Lambda-LINQ-Lab.csproj", "{219C5639-668F-4106-AA2B-3635EF1F9156}"
EndProject
Project("{FAE04EC0-301F-11D3-BF4B-00C04F79EFBC}") = "09.Lambda-LINQ-Exercises", "09.Lambda-LINQ-Exercises\09.Lambda-LINQ-Exercises.csproj", "{8D8CF6AC-2CD6-4D5E-928D-76AD1B156AC1}"
EndProject
Project("{FAE04EC0-301F-11D3-BF4B-00C04F79EFBC}") = "09.Lambda-LINQ-More-Exercises", "09.Lambda-LINQ-More-Exercises\09.Lambda-LINQ-More-Exercises.csproj", "{249BE872-3142-40FA-AF13-4ECA173DB7A1}"
EndProject
Project("{FAE04EC0-301F-11D3-BF4B-00C04F79EFBC}") = "10.Objects-Classes-Lab", "10.Objects-Classes-Lab\10.Objects-Classes-Lab.csproj", "{434F4923-5D8A-4EBC-91DD-DCEDD0041274}"
EndProject
Project("{FAE04EC0-301F-11D3-BF4B-00C04F79EFBC}") = "10.Objects-Classes-Exercises", "10.Objects-Classes-Exercises\10.Objects-Classes-Exercises.csproj", "{F03D5E1C-CD22-46FC-BA8B-0BE72AAC9EE7}"
EndProject
Project("{FAE04EC0-301F-11D3-BF4B-00C04F79EFBC}") = "12.Strings-Lab", "12.Strings-Lab\12.Strings-Lab.csproj", "{E0F74391-DE8C-49A5-B626-4E34712127BA}"
EndProject
Project("{FAE04EC0-301F-11D3-BF4B-00C04F79EFBC}") = "12.Strings-Exercises", "12.Strings-Exercises\12.Strings-Exercises.csproj", "{CFA64B22-EDB3-41EE-B8A0-30853C431E16}"
EndProject
Project("{FAE04EC0-301F-11D3-BF4B-00C04F79EFBC}") = "13.Regex-Lab", "13.Regex-Lab\13.Regex-Lab.csproj", "{F5FD53F3-3D93-4759-91C0-6BA52A35E076}"
EndProject
Project("{FAE04EC0-301F-11D3-BF4B-00C04F79EFBC}") = "13.Regex-Exercises", "13.Regex-Exercises\13.Regex-Exercises.csproj", "{ECA446AC-2536-400D-930B-95800012A036}"
EndProject
Project("{FAE04EC0-301F-11D3-BF4B-00C04F79EFBC}") = "11.Files-Directories-Exercises", "11.Files-Directories-Exercises\11.Files-Directories-Exercises.csproj", "{D52F2553-E005-41A7-B7E0-F2311B56BBED}"
EndProject
Project("{FAE04EC0-301F-11D3-BF4B-00C04F79EFBC}") = "11.Files-Directories-Lab", "11.Files-Directories-Lab\11.Files-Directories-Lab.csproj", "{85161607-4F1B-4554-A82D-3FAFB95023BE}"
EndProject
Project("{FAE04EC0-301F-11D3-BF4B-00C04F79EFBC}") = "12.Strings-More-Exercises", "12.Strings-More-Exercises\12.Strings-More-Exercises.csproj", "{700FC611-89FF-4BDB-A825-C90A87E5644B}"
EndProject
Global
	GlobalSection(SolutionConfigurationPlatforms) = preSolution
		Debug|Any CPU = Debug|Any CPU
		Release|Any CPU = Release|Any CPU
	EndGlobalSection
	GlobalSection(ProjectConfigurationPlatforms) = postSolution
		{DF29FB2A-B20B-41FC-AD3B-EC9DA1C70B07}.Debug|Any CPU.ActiveCfg = Debug|Any CPU
		{DF29FB2A-B20B-41FC-AD3B-EC9DA1C70B07}.Debug|Any CPU.Build.0 = Debug|Any CPU
		{DF29FB2A-B20B-41FC-AD3B-EC9DA1C70B07}.Release|Any CPU.ActiveCfg = Release|Any CPU
		{DF29FB2A-B20B-41FC-AD3B-EC9DA1C70B07}.Release|Any CPU.Build.0 = Release|Any CPU
		{5CB1BE3C-F219-4BAC-ABFE-5CD3AA68919B}.Debug|Any CPU.ActiveCfg = Debug|Any CPU
		{5CB1BE3C-F219-4BAC-ABFE-5CD3AA68919B}.Debug|Any CPU.Build.0 = Debug|Any CPU
		{5CB1BE3C-F219-4BAC-ABFE-5CD3AA68919B}.Release|Any CPU.ActiveCfg = Release|Any CPU
		{5CB1BE3C-F219-4BAC-ABFE-5CD3AA68919B}.Release|Any CPU.Build.0 = Release|Any CPU
		{23C44F30-B158-4319-B7E8-568E75842A85}.Debug|Any CPU.ActiveCfg = Debug|Any CPU
		{23C44F30-B158-4319-B7E8-568E75842A85}.Debug|Any CPU.Build.0 = Debug|Any CPU
		{23C44F30-B158-4319-B7E8-568E75842A85}.Release|Any CPU.ActiveCfg = Release|Any CPU
		{23C44F30-B158-4319-B7E8-568E75842A85}.Release|Any CPU.Build.0 = Release|Any CPU
		{D2DFB642-022F-486B-B502-A277A11613CC}.Debug|Any CPU.ActiveCfg = Debug|Any CPU
		{D2DFB642-022F-486B-B502-A277A11613CC}.Debug|Any CPU.Build.0 = Debug|Any CPU
		{D2DFB642-022F-486B-B502-A277A11613CC}.Release|Any CPU.ActiveCfg = Release|Any CPU
		{D2DFB642-022F-486B-B502-A277A11613CC}.Release|Any CPU.Build.0 = Release|Any CPU
		{0C38DDDB-72AB-47A0-9239-C884EE5D1299}.Debug|Any CPU.ActiveCfg = Debug|Any CPU
		{0C38DDDB-72AB-47A0-9239-C884EE5D1299}.Debug|Any CPU.Build.0 = Debug|Any CPU
		{0C38DDDB-72AB-47A0-9239-C884EE5D1299}.Release|Any CPU.ActiveCfg = Release|Any CPU
		{0C38DDDB-72AB-47A0-9239-C884EE5D1299}.Release|Any CPU.Build.0 = Release|Any CPU
		{4EC2586D-676F-4262-BE19-9634E6B916FF}.Debug|Any CPU.ActiveCfg = Debug|Any CPU
		{4EC2586D-676F-4262-BE19-9634E6B916FF}.Debug|Any CPU.Build.0 = Debug|Any CPU
		{4EC2586D-676F-4262-BE19-9634E6B916FF}.Release|Any CPU.ActiveCfg = Release|Any CPU
		{4EC2586D-676F-4262-BE19-9634E6B916FF}.Release|Any CPU.Build.0 = Release|Any CPU
		{4D2374CF-BC3D-4F2C-B617-C23EC1C4CF48}.Debug|Any CPU.ActiveCfg = Debug|Any CPU
		{4D2374CF-BC3D-4F2C-B617-C23EC1C4CF48}.Debug|Any CPU.Build.0 = Debug|Any CPU
		{4D2374CF-BC3D-4F2C-B617-C23EC1C4CF48}.Release|Any CPU.ActiveCfg = Release|Any CPU
		{4D2374CF-BC3D-4F2C-B617-C23EC1C4CF48}.Release|Any CPU.Build.0 = Release|Any CPU
		{B533FE9F-72C0-4988-8418-6034D7C319BA}.Debug|Any CPU.ActiveCfg = Debug|Any CPU
		{B533FE9F-72C0-4988-8418-6034D7C319BA}.Debug|Any CPU.Build.0 = Debug|Any CPU
		{B533FE9F-72C0-4988-8418-6034D7C319BA}.Release|Any CPU.ActiveCfg = Release|Any CPU
		{B533FE9F-72C0-4988-8418-6034D7C319BA}.Release|Any CPU.Build.0 = Release|Any CPU
		{939FE0A9-8A1D-468E-A288-98072A1E17AC}.Debug|Any CPU.ActiveCfg = Debug|Any CPU
		{939FE0A9-8A1D-468E-A288-98072A1E17AC}.Debug|Any CPU.Build.0 = Debug|Any CPU
		{939FE0A9-8A1D-468E-A288-98072A1E17AC}.Release|Any CPU.ActiveCfg = Release|Any CPU
		{939FE0A9-8A1D-468E-A288-98072A1E17AC}.Release|Any CPU.Build.0 = Release|Any CPU
		{6C402931-BCEA-479C-8CE5-266D0784BB2A}.Debug|Any CPU.ActiveCfg = Debug|Any CPU
		{6C402931-BCEA-479C-8CE5-266D0784BB2A}.Debug|Any CPU.Build.0 = Debug|Any CPU
		{6C402931-BCEA-479C-8CE5-266D0784BB2A}.Release|Any CPU.ActiveCfg = Release|Any CPU
		{6C402931-BCEA-479C-8CE5-266D0784BB2A}.Release|Any CPU.Build.0 = Release|Any CPU
		{3B53A35C-3E2D-484B-B35E-F5424EEC44D4}.Debug|Any CPU.ActiveCfg = Debug|Any CPU
		{3B53A35C-3E2D-484B-B35E-F5424EEC44D4}.Debug|Any CPU.Build.0 = Debug|Any CPU
		{3B53A35C-3E2D-484B-B35E-F5424EEC44D4}.Release|Any CPU.ActiveCfg = Release|Any CPU
		{3B53A35C-3E2D-484B-B35E-F5424EEC44D4}.Release|Any CPU.Build.0 = Release|Any CPU
		{44597529-F879-4F03-AAB7-65C67E3E5257}.Debug|Any CPU.ActiveCfg = Debug|Any CPU
		{44597529-F879-4F03-AAB7-65C67E3E5257}.Debug|Any CPU.Build.0 = Debug|Any CPU
		{44597529-F879-4F03-AAB7-65C67E3E5257}.Release|Any CPU.ActiveCfg = Release|Any CPU
		{44597529-F879-4F03-AAB7-65C67E3E5257}.Release|Any CPU.Build.0 = Release|Any CPU
		{96AC2FCE-C180-45C6-B9B4-79A5E95DD933}.Debug|Any CPU.ActiveCfg = Debug|Any CPU
		{96AC2FCE-C180-45C6-B9B4-79A5E95DD933}.Debug|Any CPU.Build.0 = Debug|Any CPU
		{96AC2FCE-C180-45C6-B9B4-79A5E95DD933}.Release|Any CPU.ActiveCfg = Release|Any CPU
		{96AC2FCE-C180-45C6-B9B4-79A5E95DD933}.Release|Any CPU.Build.0 = Release|Any CPU
		{F84A281D-75FD-4926-A4AA-32133AD60F1F}.Debug|Any CPU.ActiveCfg = Debug|Any CPU
		{F84A281D-75FD-4926-A4AA-32133AD60F1F}.Debug|Any CPU.Build.0 = Debug|Any CPU
		{F84A281D-75FD-4926-A4AA-32133AD60F1F}.Release|Any CPU.ActiveCfg = Release|Any CPU
		{F84A281D-75FD-4926-A4AA-32133AD60F1F}.Release|Any CPU.Build.0 = Release|Any CPU
		{9EC90475-5D57-47CC-9307-8143C76AE917}.Debug|Any CPU.ActiveCfg = Debug|Any CPU
		{9EC90475-5D57-47CC-9307-8143C76AE917}.Debug|Any CPU.Build.0 = Debug|Any CPU
		{9EC90475-5D57-47CC-9307-8143C76AE917}.Release|Any CPU.ActiveCfg = Release|Any CPU
		{9EC90475-5D57-47CC-9307-8143C76AE917}.Release|Any CPU.Build.0 = Release|Any CPU
		{2E7693D1-AD57-4A71-927C-B0C52423F9B8}.Debug|Any CPU.ActiveCfg = Debug|Any CPU
		{2E7693D1-AD57-4A71-927C-B0C52423F9B8}.Debug|Any CPU.Build.0 = Debug|Any CPU
		{2E7693D1-AD57-4A71-927C-B0C52423F9B8}.Release|Any CPU.ActiveCfg = Release|Any CPU
		{2E7693D1-AD57-4A71-927C-B0C52423F9B8}.Release|Any CPU.Build.0 = Release|Any CPU
		{A0410133-D1EB-4706-9E9C-82A3684B5645}.Debug|Any CPU.ActiveCfg = Debug|Any CPU
		{A0410133-D1EB-4706-9E9C-82A3684B5645}.Debug|Any CPU.Build.0 = Debug|Any CPU
		{A0410133-D1EB-4706-9E9C-82A3684B5645}.Release|Any CPU.ActiveCfg = Release|Any CPU
		{A0410133-D1EB-4706-9E9C-82A3684B5645}.Release|Any CPU.Build.0 = Release|Any CPU
		{B2F943F8-1ECB-4AF3-A7A1-4F521E2A456A}.Debug|Any CPU.ActiveCfg = Debug|Any CPU
		{B2F943F8-1ECB-4AF3-A7A1-4F521E2A456A}.Debug|Any CPU.Build.0 = Debug|Any CPU
		{B2F943F8-1ECB-4AF3-A7A1-4F521E2A456A}.Release|Any CPU.ActiveCfg = Release|Any CPU
		{B2F943F8-1ECB-4AF3-A7A1-4F521E2A456A}.Release|Any CPU.Build.0 = Release|Any CPU
		{FF1EAA02-175C-44E3-BD0C-09513B1A8DB7}.Debug|Any CPU.ActiveCfg = Debug|Any CPU
		{FF1EAA02-175C-44E3-BD0C-09513B1A8DB7}.Debug|Any CPU.Build.0 = Debug|Any CPU
		{FF1EAA02-175C-44E3-BD0C-09513B1A8DB7}.Release|Any CPU.ActiveCfg = Release|Any CPU
		{FF1EAA02-175C-44E3-BD0C-09513B1A8DB7}.Release|Any CPU.Build.0 = Release|Any CPU
		{00F71DB6-7667-420C-B8E4-C9A5A85554BB}.Debug|Any CPU.ActiveCfg = Debug|Any CPU
		{00F71DB6-7667-420C-B8E4-C9A5A85554BB}.Debug|Any CPU.Build.0 = Debug|Any CPU
		{00F71DB6-7667-420C-B8E4-C9A5A85554BB}.Release|Any CPU.ActiveCfg = Release|Any CPU
		{00F71DB6-7667-420C-B8E4-C9A5A85554BB}.Release|Any CPU.Build.0 = Release|Any CPU
		{219C5639-668F-4106-AA2B-3635EF1F9156}.Debug|Any CPU.ActiveCfg = Debug|Any CPU
		{219C5639-668F-4106-AA2B-3635EF1F9156}.Debug|Any CPU.Build.0 = Debug|Any CPU
		{219C5639-668F-4106-AA2B-3635EF1F9156}.Release|Any CPU.ActiveCfg = Release|Any CPU
		{219C5639-668F-4106-AA2B-3635EF1F9156}.Release|Any CPU.Build.0 = Release|Any CPU
		{8D8CF6AC-2CD6-4D5E-928D-76AD1B156AC1}.Debug|Any CPU.ActiveCfg = Debug|Any CPU
		{8D8CF6AC-2CD6-4D5E-928D-76AD1B156AC1}.Debug|Any CPU.Build.0 = Debug|Any CPU
		{8D8CF6AC-2CD6-4D5E-928D-76AD1B156AC1}.Release|Any CPU.ActiveCfg = Release|Any CPU
		{8D8CF6AC-2CD6-4D5E-928D-76AD1B156AC1}.Release|Any CPU.Build.0 = Release|Any CPU
		{249BE872-3142-40FA-AF13-4ECA173DB7A1}.Debug|Any CPU.ActiveCfg = Debug|Any CPU
		{249BE872-3142-40FA-AF13-4ECA173DB7A1}.Debug|Any CPU.Build.0 = Debug|Any CPU
		{249BE872-3142-40FA-AF13-4ECA173DB7A1}.Release|Any CPU.ActiveCfg = Release|Any CPU
		{249BE872-3142-40FA-AF13-4ECA173DB7A1}.Release|Any CPU.Build.0 = Release|Any CPU
		{434F4923-5D8A-4EBC-91DD-DCEDD0041274}.Debug|Any CPU.ActiveCfg = Debug|Any CPU
		{434F4923-5D8A-4EBC-91DD-DCEDD0041274}.Debug|Any CPU.Build.0 = Debug|Any CPU
		{434F4923-5D8A-4EBC-91DD-DCEDD0041274}.Release|Any CPU.ActiveCfg = Release|Any CPU
		{434F4923-5D8A-4EBC-91DD-DCEDD0041274}.Release|Any CPU.Build.0 = Release|Any CPU
		{F03D5E1C-CD22-46FC-BA8B-0BE72AAC9EE7}.Debug|Any CPU.ActiveCfg = Debug|Any CPU
		{F03D5E1C-CD22-46FC-BA8B-0BE72AAC9EE7}.Debug|Any CPU.Build.0 = Debug|Any CPU
		{F03D5E1C-CD22-46FC-BA8B-0BE72AAC9EE7}.Release|Any CPU.ActiveCfg = Release|Any CPU
		{F03D5E1C-CD22-46FC-BA8B-0BE72AAC9EE7}.Release|Any CPU.Build.0 = Release|Any CPU
		{E0F74391-DE8C-49A5-B626-4E34712127BA}.Debug|Any CPU.ActiveCfg = Debug|Any CPU
		{E0F74391-DE8C-49A5-B626-4E34712127BA}.Debug|Any CPU.Build.0 = Debug|Any CPU
		{E0F74391-DE8C-49A5-B626-4E34712127BA}.Release|Any CPU.ActiveCfg = Release|Any CPU
		{E0F74391-DE8C-49A5-B626-4E34712127BA}.Release|Any CPU.Build.0 = Release|Any CPU
		{CFA64B22-EDB3-41EE-B8A0-30853C431E16}.Debug|Any CPU.ActiveCfg = Debug|Any CPU
		{CFA64B22-EDB3-41EE-B8A0-30853C431E16}.Debug|Any CPU.Build.0 = Debug|Any CPU
		{CFA64B22-EDB3-41EE-B8A0-30853C431E16}.Release|Any CPU.ActiveCfg = Release|Any CPU
		{CFA64B22-EDB3-41EE-B8A0-30853C431E16}.Release|Any CPU.Build.0 = Release|Any CPU
		{F5FD53F3-3D93-4759-91C0-6BA52A35E076}.Debug|Any CPU.ActiveCfg = Debug|Any CPU
		{F5FD53F3-3D93-4759-91C0-6BA52A35E076}.Debug|Any CPU.Build.0 = Debug|Any CPU
		{F5FD53F3-3D93-4759-91C0-6BA52A35E076}.Release|Any CPU.ActiveCfg = Release|Any CPU
		{F5FD53F3-3D93-4759-91C0-6BA52A35E076}.Release|Any CPU.Build.0 = Release|Any CPU
		{ECA446AC-2536-400D-930B-95800012A036}.Debug|Any CPU.ActiveCfg = Debug|Any CPU
		{ECA446AC-2536-400D-930B-95800012A036}.Debug|Any CPU.Build.0 = Debug|Any CPU
		{ECA446AC-2536-400D-930B-95800012A036}.Release|Any CPU.ActiveCfg = Release|Any CPU
		{ECA446AC-2536-400D-930B-95800012A036}.Release|Any CPU.Build.0 = Release|Any CPU
		{D52F2553-E005-41A7-B7E0-F2311B56BBED}.Debug|Any CPU.ActiveCfg = Debug|Any CPU
		{D52F2553-E005-41A7-B7E0-F2311B56BBED}.Debug|Any CPU.Build.0 = Debug|Any CPU
		{D52F2553-E005-41A7-B7E0-F2311B56BBED}.Release|Any CPU.ActiveCfg = Release|Any CPU
		{D52F2553-E005-41A7-B7E0-F2311B56BBED}.Release|Any CPU.Build.0 = Release|Any CPU
		{85161607-4F1B-4554-A82D-3FAFB95023BE}.Debug|Any CPU.ActiveCfg = Debug|Any CPU
		{85161607-4F1B-4554-A82D-3FAFB95023BE}.Debug|Any CPU.Build.0 = Debug|Any CPU
		{85161607-4F1B-4554-A82D-3FAFB95023BE}.Release|Any CPU.ActiveCfg = Release|Any CPU
		{85161607-4F1B-4554-A82D-3FAFB95023BE}.Release|Any CPU.Build.0 = Release|Any CPU
		{700FC611-89FF-4BDB-A825-C90A87E5644B}.Debug|Any CPU.ActiveCfg = Debug|Any CPU
		{700FC611-89FF-4BDB-A825-C90A87E5644B}.Debug|Any CPU.Build.0 = Debug|Any CPU
		{700FC611-89FF-4BDB-A825-C90A87E5644B}.Release|Any CPU.ActiveCfg = Release|Any CPU
		{700FC611-89FF-4BDB-A825-C90A87E5644B}.Release|Any CPU.Build.0 = Release|Any CPU
	EndGlobalSection
	GlobalSection(SolutionProperties) = preSolution
		HideSolutionNode = FALSE
	EndGlobalSection
EndGlobal
