
Microsoft Visual Studio Solution File, Format Version 12.00
# Visual Studio 14
VisualStudioVersion = 14.0.25420.1
MinimumVisualStudioVersion = 10.0.40219.1
Project("{FAE04EC0-301F-11D3-BF4B-00C04F79EFBC}") = "01.SweetDessert", "01.SweetDessert\01.SweetDessert.csproj", "{F76D0876-C6C9-4921-8402-F6E53E67E484}"
EndProject
Project("{FAE04EC0-301F-11D3-BF4B-00C04F79EFBC}") = "02.ArrayManipulator", "02.ArrayManipulator\02.ArrayManipulator.csproj", "{F550F9C9-AF91-4B7C-899A-B13A99D21228}"
EndProject
Project("{FAE04EC0-301F-11D3-BF4B-00C04F79EFBC}") = "03.FootballLeague", "03.FootballLeague\03.FootballLeague.csproj", "{A419FDEC-83F9-42C7-8003-133EAB4EEA90}"
EndProject
Project("{FAE04EC0-301F-11D3-BF4B-00C04F79EFBC}") = "04.CubicMessages", "04.CubicMessages\04.CubicMessages.csproj", "{0E419252-EB90-402B-9F25-AA50D16FFE71}"
EndProject
Project("{FAE04EC0-301F-11D3-BF4B-00C04F79EFBC}") = "03.FootballLeagueRegex", "03.FootballLeagueRegex\03.FootballLeagueRegex.csproj", "{15724484-FB5C-4ACD-934E-97B48C456756}"
EndProject
Global
	GlobalSection(SolutionConfigurationPlatforms) = preSolution
		Debug|Any CPU = Debug|Any CPU
		Release|Any CPU = Release|Any CPU
	EndGlobalSection
	GlobalSection(ProjectConfigurationPlatforms) = postSolution
		{F76D0876-C6C9-4921-8402-F6E53E67E484}.Debug|Any CPU.ActiveCfg = Debug|Any CPU
		{F76D0876-C6C9-4921-8402-F6E53E67E484}.Debug|Any CPU.Build.0 = Debug|Any CPU
		{F76D0876-C6C9-4921-8402-F6E53E67E484}.Release|Any CPU.ActiveCfg = Release|Any CPU
		{F76D0876-C6C9-4921-8402-F6E53E67E484}.Release|Any CPU.Build.0 = Release|Any CPU
		{F550F9C9-AF91-4B7C-899A-B13A99D21228}.Debug|Any CPU.ActiveCfg = Debug|Any CPU
		{F550F9C9-AF91-4B7C-899A-B13A99D21228}.Debug|Any CPU.Build.0 = Debug|Any CPU
		{F550F9C9-AF91-4B7C-899A-B13A99D21228}.Release|Any CPU.ActiveCfg = Release|Any CPU
		{F550F9C9-AF91-4B7C-899A-B13A99D21228}.Release|Any CPU.Build.0 = Release|Any CPU
		{A419FDEC-83F9-42C7-8003-133EAB4EEA90}.Debug|Any CPU.ActiveCfg = Debug|Any CPU
		{A419FDEC-83F9-42C7-8003-133EAB4EEA90}.Debug|Any CPU.Build.0 = Debug|Any CPU
		{A419FDEC-83F9-42C7-8003-133EAB4EEA90}.Release|Any CPU.ActiveCfg = Release|Any CPU
		{A419FDEC-83F9-42C7-8003-133EAB4EEA90}.Release|Any CPU.Build.0 = Release|Any CPU
		{0E419252-EB90-402B-9F25-AA50D16FFE71}.Debug|Any CPU.ActiveCfg = Debug|Any CPU
		{0E419252-EB90-402B-9F25-AA50D16FFE71}.Debug|Any CPU.Build.0 = Debug|Any CPU
		{0E419252-EB90-402B-9F25-AA50D16FFE71}.Release|Any CPU.ActiveCfg = Release|Any CPU
		{0E419252-EB90-402B-9F25-AA50D16FFE71}.Release|Any CPU.Build.0 = Release|Any CPU
		{15724484-FB5C-4ACD-934E-97B48C456756}.Debug|Any CPU.ActiveCfg = Debug|Any CPU
		{15724484-FB5C-4ACD-934E-97B48C456756}.Debug|Any CPU.Build.0 = Debug|Any CPU
		{15724484-FB5C-4ACD-934E-97B48C456756}.Release|Any CPU.ActiveCfg = Release|Any CPU
		{15724484-FB5C-4ACD-934E-97B48C456756}.Release|Any CPU.Build.0 = Release|Any CPU
	EndGlobalSection
	GlobalSection(SolutionProperties) = preSolution
		HideSolutionNode = FALSE
	EndGlobalSection
EndGlobal
